<?xml version="1.0" encoding="UTF-8"?>
<!DOCTYPE plist PUBLIC "-//Apple//DTD PLIST 1.0//EN" "http://www.apple.com/DTDs/PropertyList-1.0.dtd">
<plist version="1.0">
<dict>
	<key>archiveVersion</key>
	<string>1</string>
	<key>classes</key>
	<dict/>
	<key>objectVersion</key>
	<string>46</string>
	<key>objects</key>
	<dict>
		<key>4771FDC6BA35E3CF152F6A3B</key>
		<dict>
			<key>explicitFileType</key>
			<string>archive.ar</string>
			<key>includeInIndex</key>
			<string>0</string>
			<key>isa</key>
			<string>PBXFileReference</string>
			<key>path</key>
			<string>libPods-neconote.a</string>
			<key>sourceTree</key>
			<string>BUILT_PRODUCTS_DIR</string>
		</dict>
		<key>5CEE2E0EB69D443F73B8B7FF</key>
		<dict>
			<key>fileRef</key>
			<string>4771FDC6BA35E3CF152F6A3B</string>
			<key>isa</key>
			<string>PBXBuildFile</string>
		</dict>
		<key>5DDFCB1489B54F587DB95F96</key>
		<dict>
			<key>children</key>
			<array>
				<string>4771FDC6BA35E3CF152F6A3B</string>
			</array>
			<key>isa</key>
			<string>PBXGroup</string>
			<key>name</key>
			<string>Frameworks</string>
			<key>sourceTree</key>
			<string>&lt;group&gt;</string>
		</dict>
		<key>81756AEE409B8FB2C17C875C</key>
		<dict>
			<key>buildActionMask</key>
			<string>2147483647</string>
			<key>files</key>
			<array/>
			<key>inputPaths</key>
			<array/>
			<key>isa</key>
			<string>PBXShellScriptBuildPhase</string>
			<key>name</key>
			<string>Check Pods Manifest.lock</string>
			<key>outputPaths</key>
			<array/>
			<key>runOnlyForDeploymentPostprocessing</key>
			<string>0</string>
			<key>shellPath</key>
			<string>/bin/sh</string>
			<key>shellScript</key>
			<string>diff "${PODS_ROOT}/../Podfile.lock" "${PODS_ROOT}/Manifest.lock" &gt; /dev/null
if [[ $? != 0 ]] ; then
    cat &lt;&lt; EOM
error: The sandbox is not in sync with the Podfile.lock. Run 'pod install' or update your CocoaPods installation.
EOM
    exit 1
fi
</string>
			<key>showEnvVarsInLog</key>
			<string>0</string>
		</dict>
		<key>8C583E0B1AAAB7B4002ECA7D</key>
		<dict>
			<key>children</key>
			<array>
				<string>8C583E161AAAB7B4002ECA7D</string>
				<string>8C583E2C1AAAB7B5002ECA7D</string>
				<string>8C583E151AAAB7B4002ECA7D</string>
				<string>C30B88C11F81227F06D55780</string>
				<string>5DDFCB1489B54F587DB95F96</string>
			</array>
			<key>isa</key>
			<string>PBXGroup</string>
			<key>sourceTree</key>
			<string>&lt;group&gt;</string>
		</dict>
		<key>8C583E0C1AAAB7B4002ECA7D</key>
		<dict>
			<key>attributes</key>
			<dict>
				<key>LastUpgradeCheck</key>
				<string>0610</string>
				<key>ORGANIZATIONNAME</key>
				<string>&#32701;&#30000; &#20581;&#22826;&#37070;</string>
				<key>TargetAttributes</key>
				<dict>
					<key>8C583E131AAAB7B4002ECA7D</key>
					<dict>
						<key>CreatedOnToolsVersion</key>
						<string>6.1.1</string>
					</dict>
					<key>8C583E281AAAB7B5002ECA7D</key>
					<dict>
						<key>CreatedOnToolsVersion</key>
						<string>6.1.1</string>
						<key>TestTargetID</key>
						<string>8C583E131AAAB7B4002ECA7D</string>
					</dict>
				</dict>
			</dict>
			<key>buildConfigurationList</key>
			<string>8C583E0F1AAAB7B4002ECA7D</string>
			<key>compatibilityVersion</key>
			<string>Xcode 3.2</string>
			<key>developmentRegion</key>
			<string>English</string>
			<key>hasScannedForEncodings</key>
			<string>0</string>
			<key>isa</key>
			<string>PBXProject</string>
			<key>knownRegions</key>
			<array>
				<string>en</string>
				<string>Base</string>
			</array>
			<key>mainGroup</key>
			<string>8C583E0B1AAAB7B4002ECA7D</string>
			<key>productRefGroup</key>
			<string>8C583E151AAAB7B4002ECA7D</string>
			<key>projectDirPath</key>
			<string></string>
			<key>projectReferences</key>
			<array/>
			<key>projectRoot</key>
			<string></string>
			<key>targets</key>
			<array>
				<string>8C583E131AAAB7B4002ECA7D</string>
				<string>8C583E281AAAB7B5002ECA7D</string>
			</array>
		</dict>
		<key>8C583E0F1AAAB7B4002ECA7D</key>
		<dict>
			<key>buildConfigurations</key>
			<array>
				<string>8C583E311AAAB7B5002ECA7D</string>
				<string>8C583E321AAAB7B5002ECA7D</string>
			</array>
			<key>defaultConfigurationIsVisible</key>
			<string>0</string>
			<key>defaultConfigurationName</key>
			<string>Release</string>
			<key>isa</key>
			<string>XCConfigurationList</string>
		</dict>
		<key>8C583E101AAAB7B4002ECA7D</key>
		<dict>
			<key>buildActionMask</key>
			<string>2147483647</string>
			<key>files</key>
			<array>
				<string>8C583E1C1AAAB7B4002ECA7D</string>
				<string>8CA937A41AAADAA200655488</string>
				<string>8C583E1A1AAAB7B4002ECA7D</string>
				<string>8CA9378B1AAABA7D00655488</string>
				<string>8CA9378E1AAABFBB00655488</string>
				<string>8CA937A81AAADC4900655488</string>
			</array>
			<key>isa</key>
			<string>PBXSourcesBuildPhase</string>
			<key>runOnlyForDeploymentPostprocessing</key>
			<string>0</string>
		</dict>
		<key>8C583E111AAAB7B4002ECA7D</key>
		<dict>
			<key>buildActionMask</key>
			<string>2147483647</string>
			<key>files</key>
			<array>
				<string>5CEE2E0EB69D443F73B8B7FF</string>
			</array>
			<key>isa</key>
			<string>PBXFrameworksBuildPhase</string>
			<key>runOnlyForDeploymentPostprocessing</key>
			<string>0</string>
		</dict>
		<key>8C583E121AAAB7B4002ECA7D</key>
		<dict>
			<key>buildActionMask</key>
			<string>2147483647</string>
			<key>files</key>
			<array>
				<string>8CA937E31AAAF58B00655488</string>
				<string>8CA9378C1AAABA7D00655488</string>
				<string>8CA937B91AAAE39600655488</string>
				<string>8CA937B41AAAE39600655488</string>
				<string>8CA937DF1AAAF58B00655488</string>
				<string>8CA9379D1AAAC58E00655488</string>
				<string>8CA9379B1AAAC58E00655488</string>
				<string>8CA937DB1AAAF58B00655488</string>
				<string>8CA937BA1AAAE39600655488</string>
				<string>8CA937DA1AAAF58B00655488</string>
				<string>8CA9379C1AAAC58E00655488</string>
				<string>8CA937DC1AAAF58B00655488</string>
				<string>8CA937E91AAAF58B00655488</string>
				<string>8CA937D91AAAF58B00655488</string>
				<string>8CA937E01AAAF58B00655488</string>
				<string>8CA937B71AAAE39600655488</string>
				<string>8C583E1F1AAAB7B4002ECA7D</string>
				<string>8CA937E81AAAF58B00655488</string>
				<string>8CA937D51AAAF58B00655488</string>
				<string>8CA937E61AAAF58B00655488</string>
				<string>8CA937DE1AAAF58B00655488</string>
				<string>8CA937B21AAAE39600655488</string>
				<string>8CA9379F1AAAC58E00655488</string>
				<string>8CA937D81AAAF58B00655488</string>
				<string>8CA937D61AAAF58B00655488</string>
				<string>8CA937991AAAC58E00655488</string>
				<string>8CA937E11AAAF58B00655488</string>
				<string>8CA9379A1AAAC58E00655488</string>
				<string>8CA937D31AAAF58B00655488</string>
				<string>8CA937D71AAAF58B00655488</string>
				<string>8C583E241AAAB7B4002ECA7D</string>
				<string>8CA937E21AAAF58B00655488</string>
				<string>8CA937A61AAADAC400655488</string>
				<string>8CA937D41AAAF58B00655488</string>
				<string>8CA937DD1AAAF58B00655488</string>
				<string>8CA937901AAAC19400655488</string>
				<string>8CA937E71AAAF58B00655488</string>
				<string>8CA937E51AAAF58B00655488</string>
				<string>8CA937B81AAAE39600655488</string>
				<string>8CA937B31AAAE39600655488</string>
				<string>8C583E211AAAB7B4002ECA7D</string>
				<string>8CA9379E1AAAC58E00655488</string>
				<string>8CA937E41AAAF58B00655488</string>
				<string>8CA937EA1AAAF58B00655488</string>
			</array>
			<key>isa</key>
			<string>PBXResourcesBuildPhase</string>
			<key>runOnlyForDeploymentPostprocessing</key>
			<string>0</string>
		</dict>
		<key>8C583E131AAAB7B4002ECA7D</key>
		<dict>
			<key>buildConfigurationList</key>
			<string>8C583E331AAAB7B5002ECA7D</string>
			<key>buildPhases</key>
			<array>
				<string>81756AEE409B8FB2C17C875C</string>
				<string>8C583E101AAAB7B4002ECA7D</string>
				<string>8C583E111AAAB7B4002ECA7D</string>
				<string>8C583E121AAAB7B4002ECA7D</string>
				<string>9F938C130B82AF50F84047C1</string>
			</array>
			<key>buildRules</key>
			<array/>
			<key>dependencies</key>
			<array/>
			<key>isa</key>
			<string>PBXNativeTarget</string>
			<key>name</key>
			<string>neconote</string>
			<key>productName</key>
			<string>neconote</string>
			<key>productReference</key>
			<string>8C583E141AAAB7B4002ECA7D</string>
			<key>productType</key>
			<string>com.apple.product-type.application</string>
		</dict>
		<key>8C583E141AAAB7B4002ECA7D</key>
		<dict>
			<key>explicitFileType</key>
			<string>wrapper.application</string>
			<key>includeInIndex</key>
			<string>0</string>
			<key>isa</key>
			<string>PBXFileReference</string>
			<key>path</key>
			<string>neconote.app</string>
			<key>sourceTree</key>
			<string>BUILT_PRODUCTS_DIR</string>
		</dict>
		<key>8C583E151AAAB7B4002ECA7D</key>
		<dict>
			<key>children</key>
			<array>
				<string>8C583E141AAAB7B4002ECA7D</string>
				<string>8C583E291AAAB7B5002ECA7D</string>
			</array>
			<key>isa</key>
			<string>PBXGroup</string>
			<key>name</key>
			<string>Products</string>
			<key>sourceTree</key>
			<string>&lt;group&gt;</string>
		</dict>
		<key>8C583E161AAAB7B4002ECA7D</key>
		<dict>
			<key>children</key>
			<array>
				<string>8CA937821AAABA1F00655488</string>
				<string>8CA937811AAABA1800655488</string>
				<string>8CA937801AAABA0A00655488</string>
				<string>8C583E191AAAB7B4002ECA7D</string>
				<string>8C583E1D1AAAB7B4002ECA7D</string>
				<string>8C583E201AAAB7B4002ECA7D</string>
				<string>8C583E221AAAB7B4002ECA7D</string>
				<string>8C583E171AAAB7B4002ECA7D</string>
				<string>8CA937A71AAADC4900655488</string>
			</array>
			<key>isa</key>
			<string>PBXGroup</string>
			<key>path</key>
			<string>neconote</string>
			<key>sourceTree</key>
			<string>&lt;group&gt;</string>
		</dict>
		<key>8C583E171AAAB7B4002ECA7D</key>
		<dict>
			<key>children</key>
			<array>
				<string>8CA937911AAAC58E00655488</string>
				<string>8C583E181AAAB7B4002ECA7D</string>
			</array>
			<key>isa</key>
			<string>PBXGroup</string>
			<key>name</key>
			<string>Supporting Files</string>
			<key>sourceTree</key>
			<string>&lt;group&gt;</string>
		</dict>
		<key>8C583E181AAAB7B4002ECA7D</key>
		<dict>
			<key>isa</key>
			<string>PBXFileReference</string>
			<key>lastKnownFileType</key>
			<string>text.plist.xml</string>
			<key>path</key>
			<string>Info.plist</string>
			<key>sourceTree</key>
			<string>&lt;group&gt;</string>
		</dict>
		<key>8C583E191AAAB7B4002ECA7D</key>
		<dict>
			<key>isa</key>
			<string>PBXFileReference</string>
			<key>lastKnownFileType</key>
			<string>sourcecode.swift</string>
			<key>path</key>
			<string>AppDelegate.swift</string>
			<key>sourceTree</key>
			<string>&lt;group&gt;</string>
		</dict>
		<key>8C583E1A1AAAB7B4002ECA7D</key>
		<dict>
			<key>fileRef</key>
			<string>8C583E191AAAB7B4002ECA7D</string>
			<key>isa</key>
			<string>PBXBuildFile</string>
		</dict>
		<key>8C583E1B1AAAB7B4002ECA7D</key>
		<dict>
			<key>isa</key>
			<string>PBXFileReference</string>
			<key>lastKnownFileType</key>
			<string>sourcecode.swift</string>
			<key>path</key>
			<string>ViewController.swift</string>
			<key>sourceTree</key>
			<string>&lt;group&gt;</string>
		</dict>
		<key>8C583E1C1AAAB7B4002ECA7D</key>
		<dict>
			<key>fileRef</key>
			<string>8C583E1B1AAAB7B4002ECA7D</string>
			<key>isa</key>
			<string>PBXBuildFile</string>
		</dict>
		<key>8C583E1D1AAAB7B4002ECA7D</key>
		<dict>
			<key>children</key>
			<array>
				<string>8C583E1E1AAAB7B4002ECA7D</string>
			</array>
			<key>isa</key>
			<string>PBXVariantGroup</string>
			<key>name</key>
			<string>Main.storyboard</string>
			<key>sourceTree</key>
			<string>&lt;group&gt;</string>
		</dict>
		<key>8C583E1E1AAAB7B4002ECA7D</key>
		<dict>
			<key>isa</key>
			<string>PBXFileReference</string>
			<key>lastKnownFileType</key>
			<string>file.storyboard</string>
			<key>name</key>
			<string>Base</string>
			<key>path</key>
			<string>Base.lproj/Main.storyboard</string>
			<key>sourceTree</key>
			<string>&lt;group&gt;</string>
		</dict>
		<key>8C583E1F1AAAB7B4002ECA7D</key>
		<dict>
			<key>fileRef</key>
			<string>8C583E1D1AAAB7B4002ECA7D</string>
			<key>isa</key>
			<string>PBXBuildFile</string>
		</dict>
		<key>8C583E201AAAB7B4002ECA7D</key>
		<dict>
			<key>isa</key>
			<string>PBXFileReference</string>
			<key>lastKnownFileType</key>
			<string>folder.assetcatalog</string>
			<key>path</key>
			<string>Images.xcassets</string>
			<key>sourceTree</key>
			<string>&lt;group&gt;</string>
		</dict>
		<key>8C583E211AAAB7B4002ECA7D</key>
		<dict>
			<key>fileRef</key>
			<string>8C583E201AAAB7B4002ECA7D</string>
			<key>isa</key>
			<string>PBXBuildFile</string>
		</dict>
		<key>8C583E221AAAB7B4002ECA7D</key>
		<dict>
			<key>children</key>
			<array>
				<string>8C583E231AAAB7B4002ECA7D</string>
			</array>
			<key>isa</key>
			<string>PBXVariantGroup</string>
			<key>name</key>
			<string>LaunchScreen.xib</string>
			<key>sourceTree</key>
			<string>&lt;group&gt;</string>
		</dict>
		<key>8C583E231AAAB7B4002ECA7D</key>
		<dict>
			<key>isa</key>
			<string>PBXFileReference</string>
			<key>lastKnownFileType</key>
			<string>file.xib</string>
			<key>name</key>
			<string>Base</string>
			<key>path</key>
			<string>Base.lproj/LaunchScreen.xib</string>
			<key>sourceTree</key>
			<string>&lt;group&gt;</string>
		</dict>
		<key>8C583E241AAAB7B4002ECA7D</key>
		<dict>
			<key>fileRef</key>
			<string>8C583E221AAAB7B4002ECA7D</string>
			<key>isa</key>
			<string>PBXBuildFile</string>
		</dict>
		<key>8C583E251AAAB7B5002ECA7D</key>
		<dict>
			<key>buildActionMask</key>
			<string>2147483647</string>
			<key>files</key>
			<array>
				<string>8C583E301AAAB7B5002ECA7D</string>
			</array>
			<key>isa</key>
			<string>PBXSourcesBuildPhase</string>
			<key>runOnlyForDeploymentPostprocessing</key>
			<string>0</string>
		</dict>
		<key>8C583E261AAAB7B5002ECA7D</key>
		<dict>
			<key>buildActionMask</key>
			<string>2147483647</string>
			<key>files</key>
			<array/>
			<key>isa</key>
			<string>PBXFrameworksBuildPhase</string>
			<key>runOnlyForDeploymentPostprocessing</key>
			<string>0</string>
		</dict>
		<key>8C583E271AAAB7B5002ECA7D</key>
		<dict>
			<key>buildActionMask</key>
			<string>2147483647</string>
			<key>files</key>
			<array/>
			<key>isa</key>
			<string>PBXResourcesBuildPhase</string>
			<key>runOnlyForDeploymentPostprocessing</key>
			<string>0</string>
		</dict>
		<key>8C583E281AAAB7B5002ECA7D</key>
		<dict>
			<key>buildConfigurationList</key>
			<string>8C583E361AAAB7B5002ECA7D</string>
			<key>buildPhases</key>
			<array>
				<string>8C583E251AAAB7B5002ECA7D</string>
				<string>8C583E261AAAB7B5002ECA7D</string>
				<string>8C583E271AAAB7B5002ECA7D</string>
			</array>
			<key>buildRules</key>
			<array/>
			<key>dependencies</key>
			<array>
				<string>8C583E2B1AAAB7B5002ECA7D</string>
			</array>
			<key>isa</key>
			<string>PBXNativeTarget</string>
			<key>name</key>
			<string>neconoteTests</string>
			<key>productName</key>
			<string>neconoteTests</string>
			<key>productReference</key>
			<string>8C583E291AAAB7B5002ECA7D</string>
			<key>productType</key>
			<string>com.apple.product-type.bundle.unit-test</string>
		</dict>
		<key>8C583E291AAAB7B5002ECA7D</key>
		<dict>
			<key>explicitFileType</key>
			<string>wrapper.cfbundle</string>
			<key>includeInIndex</key>
			<string>0</string>
			<key>isa</key>
			<string>PBXFileReference</string>
			<key>path</key>
			<string>neconoteTests.xctest</string>
			<key>sourceTree</key>
			<string>BUILT_PRODUCTS_DIR</string>
		</dict>
		<key>8C583E2A1AAAB7B5002ECA7D</key>
		<dict>
			<key>containerPortal</key>
			<string>8C583E0C1AAAB7B4002ECA7D</string>
			<key>isa</key>
			<string>PBXContainerItemProxy</string>
			<key>proxyType</key>
			<string>1</string>
			<key>remoteGlobalIDString</key>
			<string>8C583E131AAAB7B4002ECA7D</string>
			<key>remoteInfo</key>
			<string>neconote</string>
		</dict>
		<key>8C583E2B1AAAB7B5002ECA7D</key>
		<dict>
			<key>isa</key>
			<string>PBXTargetDependency</string>
			<key>target</key>
			<string>8C583E131AAAB7B4002ECA7D</string>
			<key>targetProxy</key>
			<string>8C583E2A1AAAB7B5002ECA7D</string>
		</dict>
		<key>8C583E2C1AAAB7B5002ECA7D</key>
		<dict>
			<key>children</key>
			<array>
				<string>8C583E2F1AAAB7B5002ECA7D</string>
				<string>8C583E2D1AAAB7B5002ECA7D</string>
			</array>
			<key>isa</key>
			<string>PBXGroup</string>
			<key>path</key>
			<string>neconoteTests</string>
			<key>sourceTree</key>
			<string>&lt;group&gt;</string>
		</dict>
		<key>8C583E2D1AAAB7B5002ECA7D</key>
		<dict>
			<key>children</key>
			<array>
				<string>8C583E2E1AAAB7B5002ECA7D</string>
			</array>
			<key>isa</key>
			<string>PBXGroup</string>
			<key>name</key>
			<string>Supporting Files</string>
			<key>sourceTree</key>
			<string>&lt;group&gt;</string>
		</dict>
		<key>8C583E2E1AAAB7B5002ECA7D</key>
		<dict>
			<key>isa</key>
			<string>PBXFileReference</string>
			<key>lastKnownFileType</key>
			<string>text.plist.xml</string>
			<key>path</key>
			<string>Info.plist</string>
			<key>sourceTree</key>
			<string>&lt;group&gt;</string>
		</dict>
		<key>8C583E2F1AAAB7B5002ECA7D</key>
		<dict>
			<key>isa</key>
			<string>PBXFileReference</string>
			<key>lastKnownFileType</key>
			<string>sourcecode.swift</string>
			<key>path</key>
			<string>neconoteTests.swift</string>
			<key>sourceTree</key>
			<string>&lt;group&gt;</string>
		</dict>
		<key>8C583E301AAAB7B5002ECA7D</key>
		<dict>
			<key>fileRef</key>
			<string>8C583E2F1AAAB7B5002ECA7D</string>
			<key>isa</key>
			<string>PBXBuildFile</string>
		</dict>
		<key>8C583E311AAAB7B5002ECA7D</key>
		<dict>
			<key>buildSettings</key>
			<dict>
				<key>ALWAYS_SEARCH_USER_PATHS</key>
				<string>NO</string>
				<key>CLANG_CXX_LANGUAGE_STANDARD</key>
				<string>gnu++0x</string>
				<key>CLANG_CXX_LIBRARY</key>
				<string>libc++</string>
				<key>CLANG_ENABLE_MODULES</key>
				<string>YES</string>
				<key>CLANG_ENABLE_OBJC_ARC</key>
				<string>YES</string>
				<key>CLANG_WARN_BOOL_CONVERSION</key>
				<string>YES</string>
				<key>CLANG_WARN_CONSTANT_CONVERSION</key>
				<string>YES</string>
				<key>CLANG_WARN_DIRECT_OBJC_ISA_USAGE</key>
				<string>YES_ERROR</string>
				<key>CLANG_WARN_EMPTY_BODY</key>
				<string>YES</string>
				<key>CLANG_WARN_ENUM_CONVERSION</key>
				<string>YES</string>
				<key>CLANG_WARN_INT_CONVERSION</key>
				<string>YES</string>
				<key>CLANG_WARN_OBJC_ROOT_CLASS</key>
				<string>YES_ERROR</string>
				<key>CLANG_WARN_UNREACHABLE_CODE</key>
				<string>YES</string>
				<key>CLANG_WARN__DUPLICATE_METHOD_MATCH</key>
				<string>YES</string>
				<key>CODE_SIGN_IDENTITY[sdk=iphoneos*]</key>
				<string>iPhone Developer</string>
				<key>COPY_PHASE_STRIP</key>
				<string>NO</string>
				<key>ENABLE_STRICT_OBJC_MSGSEND</key>
				<string>YES</string>
				<key>GCC_C_LANGUAGE_STANDARD</key>
				<string>gnu99</string>
				<key>GCC_DYNAMIC_NO_PIC</key>
				<string>NO</string>
				<key>GCC_OPTIMIZATION_LEVEL</key>
				<string>0</string>
				<key>GCC_PREPROCESSOR_DEFINITIONS</key>
				<array>
					<string>DEBUG=1</string>
					<string>$(inherited)</string>
				</array>
				<key>GCC_SYMBOLS_PRIVATE_EXTERN</key>
				<string>NO</string>
				<key>GCC_WARN_64_TO_32_BIT_CONVERSION</key>
				<string>YES</string>
				<key>GCC_WARN_ABOUT_RETURN_TYPE</key>
				<string>YES_ERROR</string>
				<key>GCC_WARN_UNDECLARED_SELECTOR</key>
				<string>YES</string>
				<key>GCC_WARN_UNINITIALIZED_AUTOS</key>
				<string>YES_AGGRESSIVE</string>
				<key>GCC_WARN_UNUSED_FUNCTION</key>
				<string>YES</string>
				<key>GCC_WARN_UNUSED_VARIABLE</key>
				<string>YES</string>
				<key>IPHONEOS_DEPLOYMENT_TARGET</key>
				<string>8.1</string>
				<key>MTL_ENABLE_DEBUG_INFO</key>
				<string>YES</string>
				<key>ONLY_ACTIVE_ARCH</key>
				<string>YES</string>
				<key>SDKROOT</key>
				<string>iphoneos</string>
				<key>SWIFT_OPTIMIZATION_LEVEL</key>
				<string>-Onone</string>
			</dict>
			<key>isa</key>
			<string>XCBuildConfiguration</string>
			<key>name</key>
			<string>Debug</string>
		</dict>
		<key>8C583E321AAAB7B5002ECA7D</key>
		<dict>
			<key>buildSettings</key>
			<dict>
				<key>ALWAYS_SEARCH_USER_PATHS</key>
				<string>NO</string>
				<key>CLANG_CXX_LANGUAGE_STANDARD</key>
				<string>gnu++0x</string>
				<key>CLANG_CXX_LIBRARY</key>
				<string>libc++</string>
				<key>CLANG_ENABLE_MODULES</key>
				<string>YES</string>
				<key>CLANG_ENABLE_OBJC_ARC</key>
				<string>YES</string>
				<key>CLANG_WARN_BOOL_CONVERSION</key>
				<string>YES</string>
				<key>CLANG_WARN_CONSTANT_CONVERSION</key>
				<string>YES</string>
				<key>CLANG_WARN_DIRECT_OBJC_ISA_USAGE</key>
				<string>YES_ERROR</string>
				<key>CLANG_WARN_EMPTY_BODY</key>
				<string>YES</string>
				<key>CLANG_WARN_ENUM_CONVERSION</key>
				<string>YES</string>
				<key>CLANG_WARN_INT_CONVERSION</key>
				<string>YES</string>
				<key>CLANG_WARN_OBJC_ROOT_CLASS</key>
				<string>YES_ERROR</string>
				<key>CLANG_WARN_UNREACHABLE_CODE</key>
				<string>YES</string>
				<key>CLANG_WARN__DUPLICATE_METHOD_MATCH</key>
				<string>YES</string>
				<key>CODE_SIGN_IDENTITY[sdk=iphoneos*]</key>
				<string>iPhone Developer</string>
				<key>COPY_PHASE_STRIP</key>
				<string>YES</string>
				<key>ENABLE_NS_ASSERTIONS</key>
				<string>NO</string>
				<key>ENABLE_STRICT_OBJC_MSGSEND</key>
				<string>YES</string>
				<key>GCC_C_LANGUAGE_STANDARD</key>
				<string>gnu99</string>
				<key>GCC_WARN_64_TO_32_BIT_CONVERSION</key>
				<string>YES</string>
				<key>GCC_WARN_ABOUT_RETURN_TYPE</key>
				<string>YES_ERROR</string>
				<key>GCC_WARN_UNDECLARED_SELECTOR</key>
				<string>YES</string>
				<key>GCC_WARN_UNINITIALIZED_AUTOS</key>
				<string>YES_AGGRESSIVE</string>
				<key>GCC_WARN_UNUSED_FUNCTION</key>
				<string>YES</string>
				<key>GCC_WARN_UNUSED_VARIABLE</key>
				<string>YES</string>
				<key>IPHONEOS_DEPLOYMENT_TARGET</key>
				<string>8.1</string>
				<key>MTL_ENABLE_DEBUG_INFO</key>
				<string>NO</string>
				<key>SDKROOT</key>
				<string>iphoneos</string>
				<key>VALIDATE_PRODUCT</key>
				<string>YES</string>
			</dict>
			<key>isa</key>
			<string>XCBuildConfiguration</string>
			<key>name</key>
			<string>Release</string>
		</dict>
		<key>8C583E331AAAB7B5002ECA7D</key>
		<dict>
			<key>buildConfigurations</key>
			<array>
				<string>8C583E341AAAB7B5002ECA7D</string>
				<string>8C583E351AAAB7B5002ECA7D</string>
			</array>
			<key>defaultConfigurationIsVisible</key>
			<string>0</string>
			<key>defaultConfigurationName</key>
			<string>Release</string>
			<key>isa</key>
			<string>XCConfigurationList</string>
		</dict>
		<key>8C583E341AAAB7B5002ECA7D</key>
		<dict>
			<key>baseConfigurationReference</key>
			<string>FE265093B7F821369A938FDD</string>
			<key>buildSettings</key>
			<dict>
				<key>ASSETCATALOG_COMPILER_APPICON_NAME</key>
				<string>AppIcon</string>
				<key>INFOPLIST_FILE</key>
				<string>neconote/Info.plist</string>
				<key>LD_RUNPATH_SEARCH_PATHS</key>
				<string>$(inherited) @executable_path/Frameworks</string>
				<key>PRODUCT_NAME</key>
				<string>$(TARGET_NAME)</string>
			</dict>
			<key>isa</key>
			<string>XCBuildConfiguration</string>
			<key>name</key>
			<string>Debug</string>
		</dict>
		<key>8C583E351AAAB7B5002ECA7D</key>
		<dict>
			<key>baseConfigurationReference</key>
			<string>A8B52FF5F50D767F923D864E</string>
			<key>buildSettings</key>
			<dict>
				<key>ASSETCATALOG_COMPILER_APPICON_NAME</key>
				<string>AppIcon</string>
				<key>INFOPLIST_FILE</key>
				<string>neconote/Info.plist</string>
				<key>LD_RUNPATH_SEARCH_PATHS</key>
				<string>$(inherited) @executable_path/Frameworks</string>
				<key>PRODUCT_NAME</key>
				<string>$(TARGET_NAME)</string>
			</dict>
			<key>isa</key>
			<string>XCBuildConfiguration</string>
			<key>name</key>
			<string>Release</string>
		</dict>
		<key>8C583E361AAAB7B5002ECA7D</key>
		<dict>
			<key>buildConfigurations</key>
			<array>
				<string>8C583E371AAAB7B5002ECA7D</string>
				<string>8C583E381AAAB7B5002ECA7D</string>
			</array>
			<key>defaultConfigurationIsVisible</key>
			<string>0</string>
			<key>defaultConfigurationName</key>
			<string>Release</string>
			<key>isa</key>
			<string>XCConfigurationList</string>
		</dict>
		<key>8C583E371AAAB7B5002ECA7D</key>
		<dict>
			<key>buildSettings</key>
			<dict>
				<key>BUNDLE_LOADER</key>
				<string>$(TEST_HOST)</string>
				<key>FRAMEWORK_SEARCH_PATHS</key>
				<array>
					<string>$(SDKROOT)/Developer/Library/Frameworks</string>
					<string>$(inherited)</string>
				</array>
				<key>GCC_PREPROCESSOR_DEFINITIONS</key>
				<array>
					<string>DEBUG=1</string>
					<string>$(inherited)</string>
				</array>
				<key>INFOPLIST_FILE</key>
				<string>neconoteTests/Info.plist</string>
				<key>LD_RUNPATH_SEARCH_PATHS</key>
				<string>$(inherited) @executable_path/Frameworks @loader_path/Frameworks</string>
				<key>PRODUCT_NAME</key>
				<string>$(TARGET_NAME)</string>
				<key>TEST_HOST</key>
				<string>$(BUILT_PRODUCTS_DIR)/neconote.app/neconote</string>
			</dict>
			<key>isa</key>
			<string>XCBuildConfiguration</string>
			<key>name</key>
			<string>Debug</string>
		</dict>
		<key>8C583E381AAAB7B5002ECA7D</key>
		<dict>
			<key>buildSettings</key>
			<dict>
				<key>BUNDLE_LOADER</key>
				<string>$(TEST_HOST)</string>
				<key>FRAMEWORK_SEARCH_PATHS</key>
				<array>
					<string>$(SDKROOT)/Developer/Library/Frameworks</string>
					<string>$(inherited)</string>
				</array>
				<key>INFOPLIST_FILE</key>
				<string>neconoteTests/Info.plist</string>
				<key>LD_RUNPATH_SEARCH_PATHS</key>
				<string>$(inherited) @executable_path/Frameworks @loader_path/Frameworks</string>
				<key>PRODUCT_NAME</key>
				<string>$(TARGET_NAME)</string>
				<key>TEST_HOST</key>
				<string>$(BUILT_PRODUCTS_DIR)/neconote.app/neconote</string>
			</dict>
			<key>isa</key>
			<string>XCBuildConfiguration</string>
			<key>name</key>
			<string>Release</string>
		</dict>
		<key>8CA937801AAABA0A00655488</key>
		<dict>
			<key>children</key>
			<array/>
			<key>isa</key>
			<string>PBXGroup</string>
			<key>name</key>
			<string>Model</string>
			<key>sourceTree</key>
			<string>&lt;group&gt;</string>
		</dict>
		<key>8CA937811AAABA1800655488</key>
		<dict>
			<key>children</key>
			<array>
				<string>8CA937A21AAADA6900655488</string>
				<string>8CA937841AAABA3D00655488</string>
				<string>8CA937831AAABA3100655488</string>
			</array>
			<key>isa</key>
			<string>PBXGroup</string>
			<key>name</key>
			<string>View</string>
			<key>sourceTree</key>
			<string>&lt;group&gt;</string>
		</dict>
		<key>8CA937821AAABA1F00655488</key>
		<dict>
			<key>children</key>
			<array>
				<string>8C583E1B1AAAB7B4002ECA7D</string>
			</array>
			<key>isa</key>
			<string>PBXGroup</string>
			<key>name</key>
			<string>Controller</string>
			<key>sourceTree</key>
			<string>&lt;group&gt;</string>
		</dict>
		<key>8CA937831AAABA3100655488</key>
		<dict>
			<key>children</key>
			<array>
				<string>8CA937891AAABA7D00655488</string>
				<string>8CA9378A1AAABA7D00655488</string>
			</array>
			<key>isa</key>
			<string>PBXGroup</string>
			<key>name</key>
			<string>house</string>
			<key>sourceTree</key>
			<string>&lt;group&gt;</string>
		</dict>
		<key>8CA937841AAABA3D00655488</key>
		<dict>
			<key>children</key>
			<array>
				<string>8CA9378D1AAABFBB00655488</string>
				<string>8CA9378F1AAAC19400655488</string>
			</array>
			<key>isa</key>
			<string>PBXGroup</string>
			<key>name</key>
			<string>cat</string>
			<key>sourceTree</key>
			<string>&lt;group&gt;</string>
		</dict>
		<key>8CA937891AAABA7D00655488</key>
		<dict>
			<key>fileEncoding</key>
			<string>4</string>
			<key>isa</key>
			<string>PBXFileReference</string>
			<key>lastKnownFileType</key>
			<string>sourcecode.swift</string>
			<key>path</key>
			<string>FloorTableViewCell.swift</string>
			<key>sourceTree</key>
			<string>&lt;group&gt;</string>
		</dict>
		<key>8CA9378A1AAABA7D00655488</key>
		<dict>
			<key>fileEncoding</key>
			<string>4</string>
			<key>isa</key>
			<string>PBXFileReference</string>
			<key>lastKnownFileType</key>
			<string>file.xib</string>
			<key>path</key>
			<string>FloorTableViewCell.xib</string>
			<key>sourceTree</key>
			<string>&lt;group&gt;</string>
		</dict>
		<key>8CA9378B1AAABA7D00655488</key>
		<dict>
			<key>fileRef</key>
			<string>8CA937891AAABA7D00655488</string>
			<key>isa</key>
			<string>PBXBuildFile</string>
		</dict>
		<key>8CA9378C1AAABA7D00655488</key>
		<dict>
			<key>fileRef</key>
			<string>8CA9378A1AAABA7D00655488</string>
			<key>isa</key>
			<string>PBXBuildFile</string>
		</dict>
		<key>8CA9378D1AAABFBB00655488</key>
		<dict>
			<key>fileEncoding</key>
			<string>4</string>
			<key>isa</key>
			<string>PBXFileReference</string>
			<key>lastKnownFileType</key>
			<string>sourcecode.swift</string>
			<key>path</key>
			<string>CatView.swift</string>
			<key>sourceTree</key>
			<string>&lt;group&gt;</string>
		</dict>
		<key>8CA9378E1AAABFBB00655488</key>
		<dict>
			<key>fileRef</key>
			<string>8CA9378D1AAABFBB00655488</string>
			<key>isa</key>
			<string>PBXBuildFile</string>
		</dict>
		<key>8CA9378F1AAAC19400655488</key>
		<dict>
			<key>fileEncoding</key>
			<string>4</string>
			<key>isa</key>
			<string>PBXFileReference</string>
			<key>lastKnownFileType</key>
			<string>file.xib</string>
			<key>path</key>
			<string>CatView.xib</string>
			<key>sourceTree</key>
			<string>&lt;group&gt;</string>
		</dict>
		<key>8CA937901AAAC19400655488</key>
		<dict>
			<key>fileRef</key>
			<string>8CA9378F1AAAC19400655488</string>
			<key>isa</key>
			<string>PBXBuildFile</string>
		</dict>
		<key>8CA937911AAAC58E00655488</key>
		<dict>
			<key>children</key>
			<array>
				<string>8CA937BB1AAAF58B00655488</string>
				<string>8CA937BC1AAAF58B00655488</string>
				<string>8CA937BD1AAAF58B00655488</string>
				<string>8CA937BE1AAAF58B00655488</string>
				<string>8CA937BF1AAAF58B00655488</string>
				<string>8CA937C01AAAF58B00655488</string>
				<string>8CA937C11AAAF58B00655488</string>
				<string>8CA937C21AAAF58B00655488</string>
				<string>8CA937C31AAAF58B00655488</string>
				<string>8CA937C41AAAF58B00655488</string>
				<string>8CA937C51AAAF58B00655488</string>
				<string>8CA937C61AAAF58B00655488</string>
				<string>8CA937C71AAAF58B00655488</string>
				<string>8CA937C81AAAF58B00655488</string>
				<string>8CA937C91AAAF58B00655488</string>
				<string>8CA937CA1AAAF58B00655488</string>
				<string>8CA937CB1AAAF58B00655488</string>
				<string>8CA937CC1AAAF58B00655488</string>
				<string>8CA937CD1AAAF58B00655488</string>
				<string>8CA937CE1AAAF58B00655488</string>
				<string>8CA937CF1AAAF58B00655488</string>
				<string>8CA937D01AAAF58B00655488</string>
				<string>8CA937D11AAAF58B00655488</string>
				<string>8CA937D21AAAF58B00655488</string>
				<string>8CA937A91AAAE39600655488</string>
				<string>8CA937AA1AAAE39600655488</string>
				<string>8CA937AB1AAAE39600655488</string>
				<string>8CA937AE1AAAE39600655488</string>
				<string>8CA937AF1AAAE39600655488</string>
				<string>8CA937B01AAAE39600655488</string>
				<string>8CA937B11AAAE39600655488</string>
				<string>8CA937921AAAC58E00655488</string>
				<string>8CA937931AAAC58E00655488</string>
				<string>8CA937941AAAC58E00655488</string>
				<string>8CA937951AAAC58E00655488</string>
				<string>8CA937961AAAC58E00655488</string>
				<string>8CA937971AAAC58E00655488</string>
				<string>8CA937981AAAC58E00655488</string>
			</array>
			<key>isa</key>
			<string>PBXGroup</string>
			<key>path</key>
			<string>parts</string>
			<key>sourceTree</key>
			<string>&lt;group&gt;</string>
		</dict>
		<key>8CA937921AAAC58E00655488</key>
		<dict>
			<key>isa</key>
			<string>PBXFileReference</string>
			<key>lastKnownFileType</key>
			<string>image.png</string>
			<key>path</key>
			<string>bg.png</string>
			<key>sourceTree</key>
			<string>&lt;group&gt;</string>
		</dict>
		<key>8CA937931AAAC58E00655488</key>
		<dict>
			<key>isa</key>
			<string>PBXFileReference</string>
			<key>lastKnownFileType</key>
			<string>image.png</string>
			<key>path</key>
			<string>fl1_bg.png</string>
			<key>sourceTree</key>
			<string>&lt;group&gt;</string>
		</dict>
		<key>8CA937941AAAC58E00655488</key>
		<dict>
			<key>isa</key>
			<string>PBXFileReference</string>
			<key>lastKnownFileType</key>
			<string>image.png</string>
			<key>path</key>
			<string>fl2_bg.png</string>
			<key>sourceTree</key>
			<string>&lt;group&gt;</string>
		</dict>
		<key>8CA937951AAAC58E00655488</key>
		<dict>
			<key>isa</key>
			<string>PBXFileReference</string>
			<key>lastKnownFileType</key>
			<string>image.png</string>
			<key>path</key>
			<string>fl3_bg.png</string>
			<key>sourceTree</key>
			<string>&lt;group&gt;</string>
		</dict>
		<key>8CA937961AAAC58E00655488</key>
		<dict>
			<key>isa</key>
			<string>PBXFileReference</string>
			<key>lastKnownFileType</key>
			<string>image.png</string>
			<key>path</key>
			<string>fl4_bg.png</string>
			<key>sourceTree</key>
			<string>&lt;group&gt;</string>
		</dict>
		<key>8CA937971AAAC58E00655488</key>
		<dict>
			<key>isa</key>
			<string>PBXFileReference</string>
			<key>lastKnownFileType</key>
			<string>image.png</string>
			<key>path</key>
			<string>fl5_bg.png</string>
			<key>sourceTree</key>
			<string>&lt;group&gt;</string>
		</dict>
		<key>8CA937981AAAC58E00655488</key>
		<dict>
			<key>isa</key>
			<string>PBXFileReference</string>
			<key>lastKnownFileType</key>
			<string>image.png</string>
			<key>path</key>
			<string>roof.png</string>
			<key>sourceTree</key>
			<string>&lt;group&gt;</string>
		</dict>
		<key>8CA937991AAAC58E00655488</key>
		<dict>
			<key>fileRef</key>
			<string>8CA937921AAAC58E00655488</string>
			<key>isa</key>
			<string>PBXBuildFile</string>
		</dict>
		<key>8CA9379A1AAAC58E00655488</key>
		<dict>
			<key>fileRef</key>
			<string>8CA937931AAAC58E00655488</string>
			<key>isa</key>
			<string>PBXBuildFile</string>
		</dict>
		<key>8CA9379B1AAAC58E00655488</key>
		<dict>
			<key>fileRef</key>
			<string>8CA937941AAAC58E00655488</string>
			<key>isa</key>
			<string>PBXBuildFile</string>
		</dict>
		<key>8CA9379C1AAAC58E00655488</key>
		<dict>
			<key>fileRef</key>
			<string>8CA937951AAAC58E00655488</string>
			<key>isa</key>
			<string>PBXBuildFile</string>
		</dict>
		<key>8CA9379D1AAAC58E00655488</key>
		<dict>
			<key>fileRef</key>
			<string>8CA937961AAAC58E00655488</string>
			<key>isa</key>
			<string>PBXBuildFile</string>
		</dict>
		<key>8CA9379E1AAAC58E00655488</key>
		<dict>
			<key>fileRef</key>
			<string>8CA937971AAAC58E00655488</string>
			<key>isa</key>
			<string>PBXBuildFile</string>
		</dict>
		<key>8CA9379F1AAAC58E00655488</key>
		<dict>
			<key>fileRef</key>
			<string>8CA937981AAAC58E00655488</string>
			<key>isa</key>
			<string>PBXBuildFile</string>
		</dict>
		<key>8CA937A21AAADA6900655488</key>
		<dict>
			<key>children</key>
			<array>
				<string>8CA937A31AAADAA200655488</string>
				<string>8CA937A51AAADAC400655488</string>
			</array>
			<key>isa</key>
			<string>PBXGroup</string>
			<key>name</key>
			<string>Switch</string>
			<key>sourceTree</key>
			<string>&lt;group&gt;</string>
		</dict>
		<key>8CA937A31AAADAA200655488</key>
		<dict>
			<key>fileEncoding</key>
			<string>4</string>
			<key>isa</key>
			<string>PBXFileReference</string>
			<key>lastKnownFileType</key>
			<string>sourcecode.swift</string>
			<key>path</key>
			<string>SwitchBase.swift</string>
			<key>sourceTree</key>
			<string>&lt;group&gt;</string>
		</dict>
		<key>8CA937A41AAADAA200655488</key>
		<dict>
			<key>fileRef</key>
			<string>8CA937A31AAADAA200655488</string>
			<key>isa</key>
			<string>PBXBuildFile</string>
		</dict>
		<key>8CA937A51AAADAC400655488</key>
		<dict>
			<key>fileEncoding</key>
			<string>4</string>
			<key>isa</key>
			<string>PBXFileReference</string>
			<key>lastKnownFileType</key>
			<string>file.xib</string>
			<key>path</key>
			<string>SwitchBase.xib</string>
			<key>sourceTree</key>
			<string>&lt;group&gt;</string>
		</dict>
		<key>8CA937A61AAADAC400655488</key>
		<dict>
			<key>fileRef</key>
			<string>8CA937A51AAADAC400655488</string>
			<key>isa</key>
			<string>PBXBuildFile</string>
		</dict>
		<key>8CA937A71AAADC4900655488</key>
		<dict>
			<key>fileEncoding</key>
			<string>4</string>
			<key>isa</key>
			<string>PBXFileReference</string>
			<key>lastKnownFileType</key>
			<string>sourcecode.swift</string>
			<key>path</key>
			<string>extentions.swift</string>
			<key>sourceTree</key>
			<string>&lt;group&gt;</string>
		</dict>
		<key>8CA937A81AAADC4900655488</key>
		<dict>
			<key>fileRef</key>
			<string>8CA937A71AAADC4900655488</string>
			<key>isa</key>
			<string>PBXBuildFile</string>
		</dict>
		<key>8CA937A91AAAE39600655488</key>
		<dict>
			<key>isa</key>
			<string>PBXFileReference</string>
			<key>lastKnownFileType</key>
			<string>image.png</string>
			<key>path</key>
			<string>btn_off.png</string>
			<key>sourceTree</key>
			<string>&lt;group&gt;</string>
		</dict>
		<key>8CA937AA1AAAE39600655488</key>
		<dict>
			<key>isa</key>
			<string>PBXFileReference</string>
			<key>lastKnownFileType</key>
			<string>image.png</string>
			<key>path</key>
			<string>btn_on.png</string>
			<key>sourceTree</key>
			<string>&lt;group&gt;</string>
		</dict>
		<key>8CA937AB1AAAE39600655488</key>
		<dict>
			<key>isa</key>
			<string>PBXFileReference</string>
			<key>lastKnownFileType</key>
			<string>image.png</string>
			<key>path</key>
			<string>btn_te_fl5.png</string>
			<key>sourceTree</key>
			<string>&lt;group&gt;</string>
		</dict>
		<key>8CA937AE1AAAE39600655488</key>
		<dict>
			<key>isa</key>
			<string>PBXFileReference</string>
			<key>lastKnownFileType</key>
			<string>image.png</string>
			<key>path</key>
			<string>fl5_neco_walk1.png</string>
			<key>sourceTree</key>
			<string>&lt;group&gt;</string>
		</dict>
		<key>8CA937AF1AAAE39600655488</key>
		<dict>
			<key>isa</key>
			<string>PBXFileReference</string>
			<key>lastKnownFileType</key>
			<string>image.png</string>
			<key>path</key>
			<string>fl5_neco_walk2.png</string>
			<key>sourceTree</key>
			<string>&lt;group&gt;</string>
		</dict>
		<key>8CA937B01AAAE39600655488</key>
		<dict>
			<key>isa</key>
			<string>PBXFileReference</string>
			<key>lastKnownFileType</key>
			<string>image.png</string>
			<key>path</key>
			<string>fl5_neco_walk3.png</string>
			<key>sourceTree</key>
			<string>&lt;group&gt;</string>
		</dict>
		<key>8CA937B11AAAE39600655488</key>
		<dict>
			<key>isa</key>
			<string>PBXFileReference</string>
			<key>lastKnownFileType</key>
			<string>image.png</string>
			<key>path</key>
			<string>fl5_neco_walk4.png</string>
			<key>sourceTree</key>
			<string>&lt;group&gt;</string>
		</dict>
		<key>8CA937B21AAAE39600655488</key>
		<dict>
			<key>fileRef</key>
			<string>8CA937A91AAAE39600655488</string>
			<key>isa</key>
			<string>PBXBuildFile</string>
		</dict>
		<key>8CA937B31AAAE39600655488</key>
		<dict>
			<key>fileRef</key>
			<string>8CA937AA1AAAE39600655488</string>
			<key>isa</key>
			<string>PBXBuildFile</string>
		</dict>
		<key>8CA937B41AAAE39600655488</key>
		<dict>
			<key>fileRef</key>
			<string>8CA937AB1AAAE39600655488</string>
			<key>isa</key>
			<string>PBXBuildFile</string>
		</dict>
		<key>8CA937B71AAAE39600655488</key>
		<dict>
			<key>fileRef</key>
			<string>8CA937AE1AAAE39600655488</string>
			<key>isa</key>
			<string>PBXBuildFile</string>
		</dict>
		<key>8CA937B81AAAE39600655488</key>
		<dict>
			<key>fileRef</key>
			<string>8CA937AF1AAAE39600655488</string>
			<key>isa</key>
			<string>PBXBuildFile</string>
		</dict>
		<key>8CA937B91AAAE39600655488</key>
		<dict>
			<key>fileRef</key>
			<string>8CA937B01AAAE39600655488</string>
			<key>isa</key>
			<string>PBXBuildFile</string>
		</dict>
		<key>8CA937BA1AAAE39600655488</key>
		<dict>
			<key>fileRef</key>
			<string>8CA937B11AAAE39600655488</string>
			<key>isa</key>
			<string>PBXBuildFile</string>
		</dict>
		<key>8CA937BB1AAAF58B00655488</key>
		<dict>
			<key>isa</key>
			<string>PBXFileReference</string>
			<key>lastKnownFileType</key>
			<string>image.png</string>
			<key>path</key>
			<string>fl1_neco_sitdown1.png</string>
			<key>sourceTree</key>
			<string>&lt;group&gt;</string>
		</dict>
		<key>8CA937BC1AAAF58B00655488</key>
		<dict>
			<key>isa</key>
			<string>PBXFileReference</string>
			<key>lastKnownFileType</key>
			<string>image.png</string>
			<key>path</key>
			<string>fl1_neco_sitdown2.png</string>
			<key>sourceTree</key>
			<string>&lt;group&gt;</string>
		</dict>
		<key>8CA937BD1AAAF58B00655488</key>
		<dict>
			<key>isa</key>
			<string>PBXFileReference</string>
			<key>lastKnownFileType</key>
			<string>image.png</string>
			<key>path</key>
			<string>fl1_neco_walk1.png</string>
			<key>sourceTree</key>
			<string>&lt;group&gt;</string>
		</dict>
		<key>8CA937BE1AAAF58B00655488</key>
		<dict>
			<key>isa</key>
			<string>PBXFileReference</string>
			<key>lastKnownFileType</key>
			<string>image.png</string>
			<key>path</key>
			<string>fl1_neco_walk2.png</string>
			<key>sourceTree</key>
			<string>&lt;group&gt;</string>
		</dict>
		<key>8CA937BF1AAAF58B00655488</key>
		<dict>
			<key>isa</key>
			<string>PBXFileReference</string>
			<key>lastKnownFileType</key>
			<string>image.png</string>
			<key>path</key>
			<string>fl1_neco_walk3.png</string>
			<key>sourceTree</key>
			<string>&lt;group&gt;</string>
		</dict>
		<key>8CA937C01AAAF58B00655488</key>
		<dict>
			<key>isa</key>
			<string>PBXFileReference</string>
			<key>lastKnownFileType</key>
			<string>image.png</string>
			<key>path</key>
			<string>fl1_neco_walk4.png</string>
			<key>sourceTree</key>
			<string>&lt;group&gt;</string>
		</dict>
		<key>8CA937C11AAAF58B00655488</key>
		<dict>
			<key>isa</key>
			<string>PBXFileReference</string>
			<key>lastKnownFileType</key>
			<string>image.png</string>
			<key>path</key>
			<string>fl3_neco_sitdown1.png</string>
			<key>sourceTree</key>
			<string>&lt;group&gt;</string>
		</dict>
		<key>8CA937C21AAAF58B00655488</key>
		<dict>
			<key>isa</key>
			<string>PBXFileReference</string>
			<key>lastKnownFileType</key>
			<string>image.png</string>
			<key>path</key>
			<string>fl3_neco_sitdown2.png</string>
			<key>sourceTree</key>
			<string>&lt;group&gt;</string>
		</dict>
		<key>8CA937C31AAAF58B00655488</key>
		<dict>
			<key>isa</key>
			<string>PBXFileReference</string>
			<key>lastKnownFileType</key>
			<string>image.png</string>
			<key>path</key>
			<string>fl3_neco_sleep1.png</string>
			<key>sourceTree</key>
			<string>&lt;group&gt;</string>
		</dict>
		<key>8CA937C41AAAF58B00655488</key>
		<dict>
			<key>isa</key>
			<string>PBXFileReference</string>
			<key>lastKnownFileType</key>
			<string>image.png</string>
			<key>path</key>
			<string>fl3_neco_sleep2.png</string>
			<key>sourceTree</key>
			<string>&lt;group&gt;</string>
		</dict>
		<key>8CA937C51AAAF58B00655488</key>
		<dict>
			<key>isa</key>
			<string>PBXFileReference</string>
			<key>lastKnownFileType</key>
			<string>image.png</string>
			<key>path</key>
			<string>fl3_neco_walk1.png</string>
			<key>sourceTree</key>
			<string>&lt;group&gt;</string>
		</dict>
		<key>8CA937C61AAAF58B00655488</key>
		<dict>
			<key>isa</key>
			<string>PBXFileReference</string>
			<key>lastKnownFileType</key>
			<string>image.png</string>
			<key>path</key>
			<string>fl3_neco_walk2.png</string>
			<key>sourceTree</key>
			<string>&lt;group&gt;</string>
		</dict>
		<key>8CA937C71AAAF58B00655488</key>
		<dict>
			<key>isa</key>
			<string>PBXFileReference</string>
			<key>lastKnownFileType</key>
			<string>image.png</string>
			<key>path</key>
			<string>fl3_neco_walk3.png</string>
			<key>sourceTree</key>
			<string>&lt;group&gt;</string>
		</dict>
		<key>8CA937C81AAAF58B00655488</key>
		<dict>
			<key>isa</key>
			<string>PBXFileReference</string>
			<key>lastKnownFileType</key>
			<string>image.png</string>
			<key>path</key>
			<string>fl3_neco_walk4.png</string>
			<key>sourceTree</key>
			<string>&lt;group&gt;</string>
		</dict>
		<key>8CA937C91AAAF58B00655488</key>
		<dict>
			<key>isa</key>
			<string>PBXFileReference</string>
			<key>lastKnownFileType</key>
			<string>image.png</string>
			<key>path</key>
			<string>fl4_neco_sitdown1.png</string>
			<key>sourceTree</key>
			<string>&lt;group&gt;</string>
		</dict>
		<key>8CA937CA1AAAF58B00655488</key>
		<dict>
			<key>isa</key>
			<string>PBXFileReference</string>
			<key>lastKnownFileType</key>
			<string>image.png</string>
			<key>path</key>
			<string>fl4_neco_sitdown2.png</string>
			<key>sourceTree</key>
			<string>&lt;group&gt;</string>
		</dict>
		<key>8CA937CB1AAAF58B00655488</key>
		<dict>
			<key>isa</key>
			<string>PBXFileReference</string>
			<key>lastKnownFileType</key>
			<string>image.png</string>
			<key>path</key>
			<string>fl4_neco_walk1.png</string>
			<key>sourceTree</key>
			<string>&lt;group&gt;</string>
		</dict>
		<key>8CA937CC1AAAF58B00655488</key>
		<dict>
			<key>isa</key>
			<string>PBXFileReference</string>
			<key>lastKnownFileType</key>
			<string>image.png</string>
			<key>path</key>
			<string>fl4_neco_walk2.png</string>
			<key>sourceTree</key>
			<string>&lt;group&gt;</string>
		</dict>
		<key>8CA937CD1AAAF58B00655488</key>
		<dict>
			<key>isa</key>
			<string>PBXFileReference</string>
			<key>lastKnownFileType</key>
			<string>image.png</string>
			<key>path</key>
			<string>fl4_neco_walk3.png</string>
			<key>sourceTree</key>
			<string>&lt;group&gt;</string>
		</dict>
		<key>8CA937CE1AAAF58B00655488</key>
		<dict>
			<key>isa</key>
			<string>PBXFileReference</string>
			<key>lastKnownFileType</key>
			<string>image.png</string>
			<key>path</key>
			<string>fl4_neco_walk4.png</string>
			<key>sourceTree</key>
			<string>&lt;group&gt;</string>
		</dict>
		<key>8CA937CF1AAAF58B00655488</key>
		<dict>
			<key>isa</key>
			<string>PBXFileReference</string>
			<key>lastKnownFileType</key>
			<string>image.png</string>
			<key>path</key>
			<string>fl5_neco_sitdown1.png</string>
			<key>sourceTree</key>
			<string>&lt;group&gt;</string>
		</dict>
		<key>8CA937D01AAAF58B00655488</key>
		<dict>
			<key>isa</key>
			<string>PBXFileReference</string>
			<key>lastKnownFileType</key>
			<string>image.png</string>
			<key>path</key>
			<string>fl5_neco_sitdown2.png</string>
			<key>sourceTree</key>
			<string>&lt;group&gt;</string>
		</dict>
		<key>8CA937D11AAAF58B00655488</key>
		<dict>
			<key>isa</key>
			<string>PBXFileReference</string>
			<key>lastKnownFileType</key>
			<string>image.png</string>
			<key>path</key>
			<string>fl5_neco_sleep1.png</string>
			<key>sourceTree</key>
			<string>&lt;group&gt;</string>
		</dict>
		<key>8CA937D21AAAF58B00655488</key>
		<dict>
			<key>isa</key>
			<string>PBXFileReference</string>
			<key>lastKnownFileType</key>
			<string>image.png</string>
			<key>path</key>
			<string>fl5_neco_sleep2.png</string>
			<key>sourceTree</key>
			<string>&lt;group&gt;</string>
		</dict>
		<key>8CA937D31AAAF58B00655488</key>
		<dict>
			<key>fileRef</key>
			<string>8CA937BB1AAAF58B00655488</string>
			<key>isa</key>
			<string>PBXBuildFile</string>
		</dict>
		<key>8CA937D41AAAF58B00655488</key>
		<dict>
			<key>fileRef</key>
			<string>8CA937BC1AAAF58B00655488</string>
			<key>isa</key>
			<string>PBXBuildFile</string>
		</dict>
		<key>8CA937D51AAAF58B00655488</key>
		<dict>
			<key>fileRef</key>
			<string>8CA937BD1AAAF58B00655488</string>
			<key>isa</key>
			<string>PBXBuildFile</string>
		</dict>
		<key>8CA937D61AAAF58B00655488</key>
		<dict>
			<key>fileRef</key>
			<string>8CA937BE1AAAF58B00655488</string>
			<key>isa</key>
			<string>PBXBuildFile</string>
		</dict>
		<key>8CA937D71AAAF58B00655488</key>
		<dict>
			<key>fileRef</key>
			<string>8CA937BF1AAAF58B00655488</string>
			<key>isa</key>
			<string>PBXBuildFile</string>
		</dict>
		<key>8CA937D81AAAF58B00655488</key>
		<dict>
			<key>fileRef</key>
			<string>8CA937C01AAAF58B00655488</string>
			<key>isa</key>
			<string>PBXBuildFile</string>
		</dict>
		<key>8CA937D91AAAF58B00655488</key>
		<dict>
			<key>fileRef</key>
			<string>8CA937C11AAAF58B00655488</string>
			<key>isa</key>
			<string>PBXBuildFile</string>
		</dict>
		<key>8CA937DA1AAAF58B00655488</key>
		<dict>
			<key>fileRef</key>
			<string>8CA937C21AAAF58B00655488</string>
			<key>isa</key>
			<string>PBXBuildFile</string>
		</dict>
		<key>8CA937DB1AAAF58B00655488</key>
		<dict>
			<key>fileRef</key>
			<string>8CA937C31AAAF58B00655488</string>
			<key>isa</key>
			<string>PBXBuildFile</string>
		</dict>
		<key>8CA937DC1AAAF58B00655488</key>
		<dict>
			<key>fileRef</key>
			<string>8CA937C41AAAF58B00655488</string>
			<key>isa</key>
			<string>PBXBuildFile</string>
		</dict>
		<key>8CA937DD1AAAF58B00655488</key>
		<dict>
			<key>fileRef</key>
			<string>8CA937C51AAAF58B00655488</string>
			<key>isa</key>
			<string>PBXBuildFile</string>
		</dict>
		<key>8CA937DE1AAAF58B00655488</key>
		<dict>
			<key>fileRef</key>
			<string>8CA937C61AAAF58B00655488</string>
			<key>isa</key>
			<string>PBXBuildFile</string>
		</dict>
		<key>8CA937DF1AAAF58B00655488</key>
		<dict>
			<key>fileRef</key>
			<string>8CA937C71AAAF58B00655488</string>
			<key>isa</key>
			<string>PBXBuildFile</string>
		</dict>
		<key>8CA937E01AAAF58B00655488</key>
		<dict>
			<key>fileRef</key>
			<string>8CA937C81AAAF58B00655488</string>
			<key>isa</key>
			<string>PBXBuildFile</string>
		</dict>
		<key>8CA937E11AAAF58B00655488</key>
		<dict>
			<key>fileRef</key>
			<string>8CA937C91AAAF58B00655488</string>
			<key>isa</key>
			<string>PBXBuildFile</string>
		</dict>
		<key>8CA937E21AAAF58B00655488</key>
		<dict>
			<key>fileRef</key>
			<string>8CA937CA1AAAF58B00655488</string>
			<key>isa</key>
			<string>PBXBuildFile</string>
		</dict>
		<key>8CA937E31AAAF58B00655488</key>
		<dict>
			<key>fileRef</key>
			<string>8CA937CB1AAAF58B00655488</string>
			<key>isa</key>
			<string>PBXBuildFile</string>
		</dict>
		<key>8CA937E41AAAF58B00655488</key>
		<dict>
			<key>fileRef</key>
			<string>8CA937CC1AAAF58B00655488</string>
			<key>isa</key>
			<string>PBXBuildFile</string>
		</dict>
		<key>8CA937E51AAAF58B00655488</key>
		<dict>
			<key>fileRef</key>
			<string>8CA937CD1AAAF58B00655488</string>
			<key>isa</key>
			<string>PBXBuildFile</string>
		</dict>
		<key>8CA937E61AAAF58B00655488</key>
		<dict>
			<key>fileRef</key>
			<string>8CA937CE1AAAF58B00655488</string>
			<key>isa</key>
			<string>PBXBuildFile</string>
		</dict>
		<key>8CA937E71AAAF58B00655488</key>
		<dict>
			<key>fileRef</key>
			<string>8CA937CF1AAAF58B00655488</string>
			<key>isa</key>
			<string>PBXBuildFile</string>
		</dict>
		<key>8CA937E81AAAF58B00655488</key>
		<dict>
			<key>fileRef</key>
			<string>8CA937D01AAAF58B00655488</string>
			<key>isa</key>
			<string>PBXBuildFile</string>
		</dict>
		<key>8CA937E91AAAF58B00655488</key>
		<dict>
			<key>fileRef</key>
			<string>8CA937D11AAAF58B00655488</string>
			<key>isa</key>
			<string>PBXBuildFile</string>
		</dict>
		<key>8CA937EA1AAAF58B00655488</key>
		<dict>
			<key>fileRef</key>
			<string>8CA937D21AAAF58B00655488</string>
			<key>isa</key>
			<string>PBXBuildFile</string>
		</dict>
		<key>9F938C130B82AF50F84047C1</key>
		<dict>
			<key>buildActionMask</key>
			<string>2147483647</string>
			<key>files</key>
			<array/>
			<key>inputPaths</key>
			<array/>
			<key>isa</key>
			<string>PBXShellScriptBuildPhase</string>
			<key>name</key>
			<string>Copy Pods Resources</string>
			<key>outputPaths</key>
			<array/>
			<key>runOnlyForDeploymentPostprocessing</key>
			<string>0</string>
			<key>shellPath</key>
			<string>/bin/sh</string>
			<key>shellScript</key>
			<string>"${SRCROOT}/Pods/Target Support Files/Pods-neconote/Pods-neconote-resources.sh"
</string>
			<key>showEnvVarsInLog</key>
			<string>0</string>
		</dict>
		<key>A8B52FF5F50D767F923D864E</key>
		<dict>
			<key>includeInIndex</key>
			<string>1</string>
			<key>isa</key>
			<string>PBXFileReference</string>
			<key>lastKnownFileType</key>
			<string>text.xcconfig</string>
			<key>name</key>
			<string>Pods-neconote.release.xcconfig</string>
			<key>path</key>
			<string>Pods/Target Support Files/Pods-neconote/Pods-neconote.release.xcconfig</string>
			<key>sourceTree</key>
			<string>&lt;group&gt;</string>
		</dict>
		<key>C30B88C11F81227F06D55780</key>
		<dict>
			<key>children</key>
			<array>
				<string>FE265093B7F821369A938FDD</string>
				<string>A8B52FF5F50D767F923D864E</string>
			</array>
			<key>isa</key>
			<string>PBXGroup</string>
			<key>name</key>
			<string>Pods</string>
			<key>sourceTree</key>
			<string>&lt;group&gt;</string>
		</dict>
		<key>FE265093B7F821369A938FDD</key>
		<dict>
			<key>includeInIndex</key>
			<string>1</string>
			<key>isa</key>
			<string>PBXFileReference</string>
			<key>lastKnownFileType</key>
			<string>text.xcconfig</string>
			<key>name</key>
			<string>Pods-neconote.debug.xcconfig</string>
			<key>path</key>
			<string>Pods/Target Support Files/Pods-neconote/Pods-neconote.debug.xcconfig</string>
			<key>sourceTree</key>
			<string>&lt;group&gt;</string>
		</dict>
	</dict>
	<key>rootObject</key>
	<string>8C583E0C1AAAB7B4002ECA7D</string>
</dict>
</plist>
