// !$*UTF8*$!
{
	archiveVersion = 1;
	classes = {
	};
	objectVersion = 46;
	objects = {

/* Begin PBXBuildFile section */
		450FDCF81AAB3DA900D3CE72 /* CoreGraphics.framework in Frameworks */ = {isa = PBXBuildFile; fileRef = 450FDCF71AAB3DA900D3CE72 /* CoreGraphics.framework */; };
		450FDCFA1AAB3DB400D3CE72 /* Foundation.framework in Frameworks */ = {isa = PBXBuildFile; fileRef = 450FDCF91AAB3DB400D3CE72 /* Foundation.framework */; };
		450FDCFC1AAB3DBE00D3CE72 /* UIKit.framework in Frameworks */ = {isa = PBXBuildFile; fileRef = 450FDCFB1AAB3DBE00D3CE72 /* UIKit.framework */; };
		450FDCFE1AAB3DC800D3CE72 /* JavaScriptCore.framework in Frameworks */ = {isa = PBXBuildFile; fileRef = 450FDCFD1AAB3DC800D3CE72 /* JavaScriptCore.framework */; };
		450FDD001AAB3DD300D3CE72 /* CoreBluetooth.framework in Frameworks */ = {isa = PBXBuildFile; fileRef = 450FDCFF1AAB3DD300D3CE72 /* CoreBluetooth.framework */; };
		450FDD2D1AAB3E3400D3CE72 /* CBPeripheral+Konashi.m in Sources */ = {isa = PBXBuildFile; fileRef = 450FDD061AAB3E3400D3CE72 /* CBPeripheral+Konashi.m */; };
		450FDD2E1AAB3E3400D3CE72 /* CBService+Konashi.m in Sources */ = {isa = PBXBuildFile; fileRef = 450FDD081AAB3E3400D3CE72 /* CBService+Konashi.m */; };
		450FDD2F1AAB3E3400D3CE72 /* CBUUID+Konashi.m in Sources */ = {isa = PBXBuildFile; fileRef = 450FDD0A1AAB3E3400D3CE72 /* CBUUID+Konashi.m */; };
		450FDD301AAB3E3400D3CE72 /* Konashi+ACDrive.m in Sources */ = {isa = PBXBuildFile; fileRef = 450FDD0D1AAB3E3400D3CE72 /* Konashi+ACDrive.m */; };
		450FDD311AAB3E3400D3CE72 /* Konashi+ADC.m in Sources */ = {isa = PBXBuildFile; fileRef = 450FDD0F1AAB3E3400D3CE72 /* Konashi+ADC.m */; };
		450FDD321AAB3E3400D3CE72 /* Konashi+Grove.m in Sources */ = {isa = PBXBuildFile; fileRef = 450FDD111AAB3E3400D3CE72 /* Konashi+Grove.m */; };
		450FDD331AAB3E3400D3CE72 /* Konashi+JavaScriptBindings.m in Sources */ = {isa = PBXBuildFile; fileRef = 450FDD131AAB3E3400D3CE72 /* Konashi+JavaScriptBindings.m */; };
		450FDD341AAB3E3400D3CE72 /* Konashi+UI.m in Sources */ = {isa = PBXBuildFile; fileRef = 450FDD151AAB3E3400D3CE72 /* Konashi+UI.m */; };
		450FDD351AAB3E3400D3CE72 /* KNSKonashiPeripheralImpl.m in Sources */ = {isa = PBXBuildFile; fileRef = 450FDD1B1AAB3E3400D3CE72 /* KNSKonashiPeripheralImpl.m */; };
		450FDD361AAB3E3400D3CE72 /* KNSKoshianPeripheralImpl.m in Sources */ = {isa = PBXBuildFile; fileRef = 450FDD1D1AAB3E3400D3CE72 /* KNSKoshianPeripheralImpl.m */; };
		450FDD371AAB3E3400D3CE72 /* KNSPeripheralBaseImpl.m in Sources */ = {isa = PBXBuildFile; fileRef = 450FDD1F1AAB3E3400D3CE72 /* KNSPeripheralBaseImpl.m */; };
		450FDD381AAB3E3400D3CE72 /* KNSHandlerManager.m in Sources */ = {isa = PBXBuildFile; fileRef = 450FDD231AAB3E3400D3CE72 /* KNSHandlerManager.m */; };
		450FDD391AAB3E3400D3CE72 /* KNSPeripheral.m in Sources */ = {isa = PBXBuildFile; fileRef = 450FDD251AAB3E3400D3CE72 /* KNSPeripheral.m */; };
		450FDD3A1AAB3E3400D3CE72 /* Konashi.m in Sources */ = {isa = PBXBuildFile; fileRef = 450FDD281AAB3E3400D3CE72 /* Konashi.m */; };
		450FDD3B1AAB3E3400D3CE72 /* KonashiUtils.m in Sources */ = {isa = PBXBuildFile; fileRef = 450FDD2A1AAB3E3400D3CE72 /* KonashiUtils.m */; };
		450FDD3C1AAB3E3400D3CE72 /* NeconoteBLE.m in Sources */ = {isa = PBXBuildFile; fileRef = 450FDD2C1AAB3E3400D3CE72 /* NeconoteBLE.m */; };
		8C583E1A1AAAB7B4002ECA7D /* AppDelegate.swift in Sources */ = {isa = PBXBuildFile; fileRef = 8C583E191AAAB7B4002ECA7D /* AppDelegate.swift */; };
		8C583E1C1AAAB7B4002ECA7D /* ViewController.swift in Sources */ = {isa = PBXBuildFile; fileRef = 8C583E1B1AAAB7B4002ECA7D /* ViewController.swift */; };
		8C583E1F1AAAB7B4002ECA7D /* Main.storyboard in Resources */ = {isa = PBXBuildFile; fileRef = 8C583E1D1AAAB7B4002ECA7D /* Main.storyboard */; };
		8C583E211AAAB7B4002ECA7D /* Images.xcassets in Resources */ = {isa = PBXBuildFile; fileRef = 8C583E201AAAB7B4002ECA7D /* Images.xcassets */; };
		8C583E241AAAB7B4002ECA7D /* LaunchScreen.xib in Resources */ = {isa = PBXBuildFile; fileRef = 8C583E221AAAB7B4002ECA7D /* LaunchScreen.xib */; };
		8C583E301AAAB7B5002ECA7D /* neconoteTests.swift in Sources */ = {isa = PBXBuildFile; fileRef = 8C583E2F1AAAB7B5002ECA7D /* neconoteTests.swift */; };
		8C6F93601AAB812500DE7B5A /* fl1_neco_sleep1.png in Resources */ = {isa = PBXBuildFile; fileRef = 8C6F935A1AAB812500DE7B5A /* fl1_neco_sleep1.png */; };
		8C6F93611AAB812500DE7B5A /* fl1_neco_sleep2.png in Resources */ = {isa = PBXBuildFile; fileRef = 8C6F935B1AAB812500DE7B5A /* fl1_neco_sleep2.png */; };
		8C6F93621AAB812500DE7B5A /* fl2_neco_sleep1.png in Resources */ = {isa = PBXBuildFile; fileRef = 8C6F935C1AAB812500DE7B5A /* fl2_neco_sleep1.png */; };
		8C6F93631AAB812500DE7B5A /* fl2_neco_sleep2.png in Resources */ = {isa = PBXBuildFile; fileRef = 8C6F935D1AAB812500DE7B5A /* fl2_neco_sleep2.png */; };
		8C6F93641AAB812500DE7B5A /* fl4_neco_sleep1.png in Resources */ = {isa = PBXBuildFile; fileRef = 8C6F935E1AAB812500DE7B5A /* fl4_neco_sleep1.png */; };
		8C6F93651AAB812500DE7B5A /* fl4_neco_sleep2.png in Resources */ = {isa = PBXBuildFile; fileRef = 8C6F935F1AAB812500DE7B5A /* fl4_neco_sleep2.png */; };
		8C7F6BCA1AAB4E6D002C88FC /* Pods-neconote.xcconfig in Resources */ = {isa = PBXBuildFile; fileRef = 8C7F6BC91AAB4E6D002C88FC /* Pods-neconote.xcconfig */; };
		8C7F6BD91AAB52FC002C88FC /* btn_light_off.png in Resources */ = {isa = PBXBuildFile; fileRef = 8C7F6BCB1AAB52FC002C88FC /* btn_light_off.png */; };
		8C7F6BDA1AAB52FC002C88FC /* btn_light_on.png in Resources */ = {isa = PBXBuildFile; fileRef = 8C7F6BCC1AAB52FC002C88FC /* btn_light_on.png */; };
		8C7F6BDB1AAB52FC002C88FC /* btn_rice_off.png in Resources */ = {isa = PBXBuildFile; fileRef = 8C7F6BCD1AAB52FC002C88FC /* btn_rice_off.png */; };
		8C7F6BDC1AAB52FC002C88FC /* btn_rice_on.png in Resources */ = {isa = PBXBuildFile; fileRef = 8C7F6BCE1AAB52FC002C88FC /* btn_rice_on.png */; };
		8C7F6BDD1AAB52FC002C88FC /* btn_te_fl1.png in Resources */ = {isa = PBXBuildFile; fileRef = 8C7F6BCF1AAB52FC002C88FC /* btn_te_fl1.png */; };
		8C7F6BDE1AAB52FC002C88FC /* btn_te_fl4.png in Resources */ = {isa = PBXBuildFile; fileRef = 8C7F6BD01AAB52FC002C88FC /* btn_te_fl4.png */; };
		8C7F6BDF1AAB52FC002C88FC /* fl1_door_off.png in Resources */ = {isa = PBXBuildFile; fileRef = 8C7F6BD11AAB52FC002C88FC /* fl1_door_off.png */; };
		8C7F6BE01AAB52FC002C88FC /* fl1_door_on.png in Resources */ = {isa = PBXBuildFile; fileRef = 8C7F6BD21AAB52FC002C88FC /* fl1_door_on.png */; };
		8C7F6BE11AAB52FC002C88FC /* fl3_bath_off.png in Resources */ = {isa = PBXBuildFile; fileRef = 8C7F6BD31AAB52FC002C88FC /* fl3_bath_off.png */; };
		8C7F6BE21AAB52FC002C88FC /* fl3_bath_on.png in Resources */ = {isa = PBXBuildFile; fileRef = 8C7F6BD41AAB52FC002C88FC /* fl3_bath_on.png */; };
		8C7F6BE31AAB52FC002C88FC /* fl4_rice_off.png in Resources */ = {isa = PBXBuildFile; fileRef = 8C7F6BD51AAB52FC002C88FC /* fl4_rice_off.png */; };
		8C7F6BE41AAB52FC002C88FC /* fl4_rice_on.png in Resources */ = {isa = PBXBuildFile; fileRef = 8C7F6BD61AAB52FC002C88FC /* fl4_rice_on.png */; };
		8C7F6BE51AAB52FC002C88FC /* fl5_light_off.png in Resources */ = {isa = PBXBuildFile; fileRef = 8C7F6BD71AAB52FC002C88FC /* fl5_light_off.png */; };
		8C7F6BE61AAB52FC002C88FC /* fl5_light_on.png in Resources */ = {isa = PBXBuildFile; fileRef = 8C7F6BD81AAB52FC002C88FC /* fl5_light_on.png */; };
		8C7F6BE81AAB66EE002C88FC /* libPods-neconote.a in Frameworks */ = {isa = PBXBuildFile; fileRef = 8C7F6BE71AAB66EE002C88FC /* libPods-neconote.a */; };
		8CA9378B1AAABA7D00655488 /* FloorTableViewCell.swift in Sources */ = {isa = PBXBuildFile; fileRef = 8CA937891AAABA7D00655488 /* FloorTableViewCell.swift */; };
		8CA9378C1AAABA7D00655488 /* FloorTableViewCell.xib in Resources */ = {isa = PBXBuildFile; fileRef = 8CA9378A1AAABA7D00655488 /* FloorTableViewCell.xib */; };
		8CA9378E1AAABFBB00655488 /* CatView.swift in Sources */ = {isa = PBXBuildFile; fileRef = 8CA9378D1AAABFBB00655488 /* CatView.swift */; };
		8CA937901AAAC19400655488 /* CatView.xib in Resources */ = {isa = PBXBuildFile; fileRef = 8CA9378F1AAAC19400655488 /* CatView.xib */; };
		8CA937991AAAC58E00655488 /* bg.png in Resources */ = {isa = PBXBuildFile; fileRef = 8CA937921AAAC58E00655488 /* bg.png */; };
		8CA9379A1AAAC58E00655488 /* fl1_bg.png in Resources */ = {isa = PBXBuildFile; fileRef = 8CA937931AAAC58E00655488 /* fl1_bg.png */; };
		8CA9379B1AAAC58E00655488 /* fl2_bg.png in Resources */ = {isa = PBXBuildFile; fileRef = 8CA937941AAAC58E00655488 /* fl2_bg.png */; };
		8CA9379C1AAAC58E00655488 /* fl3_bg.png in Resources */ = {isa = PBXBuildFile; fileRef = 8CA937951AAAC58E00655488 /* fl3_bg.png */; };
		8CA9379D1AAAC58E00655488 /* fl4_bg.png in Resources */ = {isa = PBXBuildFile; fileRef = 8CA937961AAAC58E00655488 /* fl4_bg.png */; };
		8CA9379E1AAAC58E00655488 /* fl5_bg.png in Resources */ = {isa = PBXBuildFile; fileRef = 8CA937971AAAC58E00655488 /* fl5_bg.png */; };
		8CA9379F1AAAC58E00655488 /* roof.png in Resources */ = {isa = PBXBuildFile; fileRef = 8CA937981AAAC58E00655488 /* roof.png */; };
		8CA937A41AAADAA200655488 /* SwitchBase.swift in Sources */ = {isa = PBXBuildFile; fileRef = 8CA937A31AAADAA200655488 /* SwitchBase.swift */; };
		8CA937A61AAADAC400655488 /* SwitchBase.xib in Resources */ = {isa = PBXBuildFile; fileRef = 8CA937A51AAADAC400655488 /* SwitchBase.xib */; };
		8CA937A81AAADC4900655488 /* extentions.swift in Sources */ = {isa = PBXBuildFile; fileRef = 8CA937A71AAADC4900655488 /* extentions.swift */; };
		8CA937B21AAAE39600655488 /* btn_off.png in Resources */ = {isa = PBXBuildFile; fileRef = 8CA937A91AAAE39600655488 /* btn_off.png */; };
		8CA937B31AAAE39600655488 /* btn_on.png in Resources */ = {isa = PBXBuildFile; fileRef = 8CA937AA1AAAE39600655488 /* btn_on.png */; };
		8CA937B41AAAE39600655488 /* btn_te_fl5.png in Resources */ = {isa = PBXBuildFile; fileRef = 8CA937AB1AAAE39600655488 /* btn_te_fl5.png */; };
		8CA937B71AAAE39600655488 /* fl5_neco_walk1.png in Resources */ = {isa = PBXBuildFile; fileRef = 8CA937AE1AAAE39600655488 /* fl5_neco_walk1.png */; };
		8CA937B81AAAE39600655488 /* fl5_neco_walk2.png in Resources */ = {isa = PBXBuildFile; fileRef = 8CA937AF1AAAE39600655488 /* fl5_neco_walk2.png */; };
		8CA937B91AAAE39600655488 /* fl5_neco_walk3.png in Resources */ = {isa = PBXBuildFile; fileRef = 8CA937B01AAAE39600655488 /* fl5_neco_walk3.png */; };
		8CA937BA1AAAE39600655488 /* fl5_neco_walk4.png in Resources */ = {isa = PBXBuildFile; fileRef = 8CA937B11AAAE39600655488 /* fl5_neco_walk4.png */; };
		8CA937D31AAAF58B00655488 /* fl1_neco_sitdown1.png in Resources */ = {isa = PBXBuildFile; fileRef = 8CA937BB1AAAF58B00655488 /* fl1_neco_sitdown1.png */; };
		8CA937D41AAAF58B00655488 /* fl1_neco_sitdown2.png in Resources */ = {isa = PBXBuildFile; fileRef = 8CA937BC1AAAF58B00655488 /* fl1_neco_sitdown2.png */; };
		8CA937D51AAAF58B00655488 /* fl1_neco_walk1.png in Resources */ = {isa = PBXBuildFile; fileRef = 8CA937BD1AAAF58B00655488 /* fl1_neco_walk1.png */; };
		8CA937D61AAAF58B00655488 /* fl1_neco_walk2.png in Resources */ = {isa = PBXBuildFile; fileRef = 8CA937BE1AAAF58B00655488 /* fl1_neco_walk2.png */; };
		8CA937D71AAAF58B00655488 /* fl1_neco_walk3.png in Resources */ = {isa = PBXBuildFile; fileRef = 8CA937BF1AAAF58B00655488 /* fl1_neco_walk3.png */; };
		8CA937D81AAAF58B00655488 /* fl1_neco_walk4.png in Resources */ = {isa = PBXBuildFile; fileRef = 8CA937C01AAAF58B00655488 /* fl1_neco_walk4.png */; };
		8CA937D91AAAF58B00655488 /* fl3_neco_sitdown1.png in Resources */ = {isa = PBXBuildFile; fileRef = 8CA937C11AAAF58B00655488 /* fl3_neco_sitdown1.png */; };
		8CA937DA1AAAF58B00655488 /* fl3_neco_sitdown2.png in Resources */ = {isa = PBXBuildFile; fileRef = 8CA937C21AAAF58B00655488 /* fl3_neco_sitdown2.png */; };
		8CA937DD1AAAF58B00655488 /* fl3_neco_walk1.png in Resources */ = {isa = PBXBuildFile; fileRef = 8CA937C51AAAF58B00655488 /* fl3_neco_walk1.png */; };
		8CA937DE1AAAF58B00655488 /* fl3_neco_walk2.png in Resources */ = {isa = PBXBuildFile; fileRef = 8CA937C61AAAF58B00655488 /* fl3_neco_walk2.png */; };
		8CA937DF1AAAF58B00655488 /* fl3_neco_walk3.png in Resources */ = {isa = PBXBuildFile; fileRef = 8CA937C71AAAF58B00655488 /* fl3_neco_walk3.png */; };
		8CA937E01AAAF58B00655488 /* fl3_neco_walk4.png in Resources */ = {isa = PBXBuildFile; fileRef = 8CA937C81AAAF58B00655488 /* fl3_neco_walk4.png */; };
		8CA937E11AAAF58B00655488 /* fl4_neco_sitdown1.png in Resources */ = {isa = PBXBuildFile; fileRef = 8CA937C91AAAF58B00655488 /* fl4_neco_sitdown1.png */; };
		8CA937E21AAAF58B00655488 /* fl4_neco_sitdown2.png in Resources */ = {isa = PBXBuildFile; fileRef = 8CA937CA1AAAF58B00655488 /* fl4_neco_sitdown2.png */; };
		8CA937E31AAAF58B00655488 /* fl4_neco_walk1.png in Resources */ = {isa = PBXBuildFile; fileRef = 8CA937CB1AAAF58B00655488 /* fl4_neco_walk1.png */; };
		8CA937E41AAAF58B00655488 /* fl4_neco_walk2.png in Resources */ = {isa = PBXBuildFile; fileRef = 8CA937CC1AAAF58B00655488 /* fl4_neco_walk2.png */; };
		8CA937E51AAAF58B00655488 /* fl4_neco_walk3.png in Resources */ = {isa = PBXBuildFile; fileRef = 8CA937CD1AAAF58B00655488 /* fl4_neco_walk3.png */; };
		8CA937E61AAAF58B00655488 /* fl4_neco_walk4.png in Resources */ = {isa = PBXBuildFile; fileRef = 8CA937CE1AAAF58B00655488 /* fl4_neco_walk4.png */; };
		8CA937E71AAAF58B00655488 /* fl5_neco_sitdown1.png in Resources */ = {isa = PBXBuildFile; fileRef = 8CA937CF1AAAF58B00655488 /* fl5_neco_sitdown1.png */; };
		8CA937E81AAAF58B00655488 /* fl5_neco_sitdown2.png in Resources */ = {isa = PBXBuildFile; fileRef = 8CA937D01AAAF58B00655488 /* fl5_neco_sitdown2.png */; };
		8CA937E91AAAF58B00655488 /* fl5_neco_sleep1.png in Resources */ = {isa = PBXBuildFile; fileRef = 8CA937D11AAAF58B00655488 /* fl5_neco_sleep1.png */; };
		8CA937EA1AAAF58B00655488 /* fl5_neco_sleep2.png in Resources */ = {isa = PBXBuildFile; fileRef = 8CA937D21AAAF58B00655488 /* fl5_neco_sleep2.png */; };
/* End PBXBuildFile section */

/* Begin PBXContainerItemProxy section */
		8C583E2A1AAAB7B5002ECA7D /* PBXContainerItemProxy */ = {
			isa = PBXContainerItemProxy;
			containerPortal = 8C583E0C1AAAB7B4002ECA7D /* Project object */;
			proxyType = 1;
			remoteGlobalIDString = 8C583E131AAAB7B4002ECA7D;
			remoteInfo = neconote;
		};
/* End PBXContainerItemProxy section */

/* Begin PBXFileReference section */
		450FDCF71AAB3DA900D3CE72 /* CoreGraphics.framework */ = {isa = PBXFileReference; lastKnownFileType = wrapper.framework; name = CoreGraphics.framework; path = System/Library/Frameworks/CoreGraphics.framework; sourceTree = SDKROOT; };
		450FDCF91AAB3DB400D3CE72 /* Foundation.framework */ = {isa = PBXFileReference; lastKnownFileType = wrapper.framework; name = Foundation.framework; path = System/Library/Frameworks/Foundation.framework; sourceTree = SDKROOT; };
		450FDCFB1AAB3DBE00D3CE72 /* UIKit.framework */ = {isa = PBXFileReference; lastKnownFileType = wrapper.framework; name = UIKit.framework; path = System/Library/Frameworks/UIKit.framework; sourceTree = SDKROOT; };
		450FDCFD1AAB3DC800D3CE72 /* JavaScriptCore.framework */ = {isa = PBXFileReference; lastKnownFileType = wrapper.framework; name = JavaScriptCore.framework; path = System/Library/Frameworks/JavaScriptCore.framework; sourceTree = SDKROOT; };
		450FDCFF1AAB3DD300D3CE72 /* CoreBluetooth.framework */ = {isa = PBXFileReference; lastKnownFileType = wrapper.framework; name = CoreBluetooth.framework; path = System/Library/Frameworks/CoreBluetooth.framework; sourceTree = SDKROOT; };
		450FDD051AAB3E3400D3CE72 /* CBPeripheral+Konashi.h */ = {isa = PBXFileReference; fileEncoding = 4; lastKnownFileType = sourcecode.c.h; path = "CBPeripheral+Konashi.h"; sourceTree = "<group>"; };
		450FDD061AAB3E3400D3CE72 /* CBPeripheral+Konashi.m */ = {isa = PBXFileReference; fileEncoding = 4; lastKnownFileType = sourcecode.c.objc; path = "CBPeripheral+Konashi.m"; sourceTree = "<group>"; };
		450FDD071AAB3E3400D3CE72 /* CBService+Konashi.h */ = {isa = PBXFileReference; fileEncoding = 4; lastKnownFileType = sourcecode.c.h; path = "CBService+Konashi.h"; sourceTree = "<group>"; };
		450FDD081AAB3E3400D3CE72 /* CBService+Konashi.m */ = {isa = PBXFileReference; fileEncoding = 4; lastKnownFileType = sourcecode.c.objc; path = "CBService+Konashi.m"; sourceTree = "<group>"; };
		450FDD091AAB3E3400D3CE72 /* CBUUID+Konashi.h */ = {isa = PBXFileReference; fileEncoding = 4; lastKnownFileType = sourcecode.c.h; path = "CBUUID+Konashi.h"; sourceTree = "<group>"; };
		450FDD0A1AAB3E3400D3CE72 /* CBUUID+Konashi.m */ = {isa = PBXFileReference; fileEncoding = 4; lastKnownFileType = sourcecode.c.objc; path = "CBUUID+Konashi.m"; sourceTree = "<group>"; };
		450FDD0C1AAB3E3400D3CE72 /* Konashi+ACDrive.h */ = {isa = PBXFileReference; fileEncoding = 4; lastKnownFileType = sourcecode.c.h; path = "Konashi+ACDrive.h"; sourceTree = "<group>"; };
		450FDD0D1AAB3E3400D3CE72 /* Konashi+ACDrive.m */ = {isa = PBXFileReference; fileEncoding = 4; lastKnownFileType = sourcecode.c.objc; path = "Konashi+ACDrive.m"; sourceTree = "<group>"; };
		450FDD0E1AAB3E3400D3CE72 /* Konashi+ADC.h */ = {isa = PBXFileReference; fileEncoding = 4; lastKnownFileType = sourcecode.c.h; path = "Konashi+ADC.h"; sourceTree = "<group>"; };
		450FDD0F1AAB3E3400D3CE72 /* Konashi+ADC.m */ = {isa = PBXFileReference; fileEncoding = 4; lastKnownFileType = sourcecode.c.objc; path = "Konashi+ADC.m"; sourceTree = "<group>"; };
		450FDD101AAB3E3400D3CE72 /* Konashi+Grove.h */ = {isa = PBXFileReference; fileEncoding = 4; lastKnownFileType = sourcecode.c.h; path = "Konashi+Grove.h"; sourceTree = "<group>"; };
		450FDD111AAB3E3400D3CE72 /* Konashi+Grove.m */ = {isa = PBXFileReference; fileEncoding = 4; lastKnownFileType = sourcecode.c.objc; path = "Konashi+Grove.m"; sourceTree = "<group>"; };
		450FDD121AAB3E3400D3CE72 /* Konashi+JavaScriptBindings.h */ = {isa = PBXFileReference; fileEncoding = 4; lastKnownFileType = sourcecode.c.h; path = "Konashi+JavaScriptBindings.h"; sourceTree = "<group>"; };
		450FDD131AAB3E3400D3CE72 /* Konashi+JavaScriptBindings.m */ = {isa = PBXFileReference; fileEncoding = 4; lastKnownFileType = sourcecode.c.objc; path = "Konashi+JavaScriptBindings.m"; sourceTree = "<group>"; };
		450FDD141AAB3E3400D3CE72 /* Konashi+UI.h */ = {isa = PBXFileReference; fileEncoding = 4; lastKnownFileType = sourcecode.c.h; path = "Konashi+UI.h"; sourceTree = "<group>"; };
		450FDD151AAB3E3400D3CE72 /* Konashi+UI.m */ = {isa = PBXFileReference; fileEncoding = 4; lastKnownFileType = sourcecode.c.objc; path = "Konashi+UI.m"; sourceTree = "<group>"; };
		450FDD161AAB3E3400D3CE72 /* KonashiJavaScriptBindingsProtocol.h */ = {isa = PBXFileReference; fileEncoding = 4; lastKnownFileType = sourcecode.c.h; path = KonashiJavaScriptBindingsProtocol.h; sourceTree = "<group>"; };
		450FDD181AAB3E3400D3CE72 /* KonashiConstant.h */ = {isa = PBXFileReference; fileEncoding = 4; lastKnownFileType = sourcecode.c.h; path = KonashiConstant.h; sourceTree = "<group>"; };
		450FDD1A1AAB3E3400D3CE72 /* KNSKonashiPeripheralImpl.h */ = {isa = PBXFileReference; fileEncoding = 4; lastKnownFileType = sourcecode.c.h; path = KNSKonashiPeripheralImpl.h; sourceTree = "<group>"; };
		450FDD1B1AAB3E3400D3CE72 /* KNSKonashiPeripheralImpl.m */ = {isa = PBXFileReference; fileEncoding = 4; lastKnownFileType = sourcecode.c.objc; path = KNSKonashiPeripheralImpl.m; sourceTree = "<group>"; };
		450FDD1C1AAB3E3400D3CE72 /* KNSKoshianPeripheralImpl.h */ = {isa = PBXFileReference; fileEncoding = 4; lastKnownFileType = sourcecode.c.h; path = KNSKoshianPeripheralImpl.h; sourceTree = "<group>"; };
		450FDD1D1AAB3E3400D3CE72 /* KNSKoshianPeripheralImpl.m */ = {isa = PBXFileReference; fileEncoding = 4; lastKnownFileType = sourcecode.c.objc; path = KNSKoshianPeripheralImpl.m; sourceTree = "<group>"; };
		450FDD1E1AAB3E3400D3CE72 /* KNSPeripheralBaseImpl.h */ = {isa = PBXFileReference; fileEncoding = 4; lastKnownFileType = sourcecode.c.h; path = KNSPeripheralBaseImpl.h; sourceTree = "<group>"; };
		450FDD1F1AAB3E3400D3CE72 /* KNSPeripheralBaseImpl.m */ = {isa = PBXFileReference; fileEncoding = 4; lastKnownFileType = sourcecode.c.objc; path = KNSPeripheralBaseImpl.m; sourceTree = "<group>"; };
		450FDD201AAB3E3400D3CE72 /* KNSPeripheralImplProtocol.h */ = {isa = PBXFileReference; fileEncoding = 4; lastKnownFileType = sourcecode.c.h; path = KNSPeripheralImplProtocol.h; sourceTree = "<group>"; };
		450FDD211AAB3E3400D3CE72 /* KNSPeripheralImpls.h */ = {isa = PBXFileReference; fileEncoding = 4; lastKnownFileType = sourcecode.c.h; path = KNSPeripheralImpls.h; sourceTree = "<group>"; };
		450FDD221AAB3E3400D3CE72 /* KNSHandlerManager.h */ = {isa = PBXFileReference; fileEncoding = 4; lastKnownFileType = sourcecode.c.h; path = KNSHandlerManager.h; sourceTree = "<group>"; };
		450FDD231AAB3E3400D3CE72 /* KNSHandlerManager.m */ = {isa = PBXFileReference; fileEncoding = 4; lastKnownFileType = sourcecode.c.objc; path = KNSHandlerManager.m; sourceTree = "<group>"; };
		450FDD241AAB3E3400D3CE72 /* KNSPeripheral.h */ = {isa = PBXFileReference; fileEncoding = 4; lastKnownFileType = sourcecode.c.h; path = KNSPeripheral.h; sourceTree = "<group>"; };
		450FDD251AAB3E3400D3CE72 /* KNSPeripheral.m */ = {isa = PBXFileReference; fileEncoding = 4; lastKnownFileType = sourcecode.c.objc; path = KNSPeripheral.m; sourceTree = "<group>"; };
		450FDD261AAB3E3400D3CE72 /* Konashi-Prefix.pch */ = {isa = PBXFileReference; fileEncoding = 4; lastKnownFileType = sourcecode.c.h; path = "Konashi-Prefix.pch"; sourceTree = "<group>"; };
		450FDD271AAB3E3400D3CE72 /* Konashi.h */ = {isa = PBXFileReference; fileEncoding = 4; lastKnownFileType = sourcecode.c.h; path = Konashi.h; sourceTree = "<group>"; };
		450FDD281AAB3E3400D3CE72 /* Konashi.m */ = {isa = PBXFileReference; fileEncoding = 4; lastKnownFileType = sourcecode.c.objc; path = Konashi.m; sourceTree = "<group>"; };
		450FDD291AAB3E3400D3CE72 /* KonashiUtils.h */ = {isa = PBXFileReference; fileEncoding = 4; lastKnownFileType = sourcecode.c.h; path = KonashiUtils.h; sourceTree = "<group>"; };
		450FDD2A1AAB3E3400D3CE72 /* KonashiUtils.m */ = {isa = PBXFileReference; fileEncoding = 4; lastKnownFileType = sourcecode.c.objc; path = KonashiUtils.m; sourceTree = "<group>"; };
		450FDD2B1AAB3E3400D3CE72 /* NeconoteBLE.h */ = {isa = PBXFileReference; fileEncoding = 4; lastKnownFileType = sourcecode.c.h; path = NeconoteBLE.h; sourceTree = "<group>"; };
		450FDD2C1AAB3E3400D3CE72 /* NeconoteBLE.m */ = {isa = PBXFileReference; fileEncoding = 4; lastKnownFileType = sourcecode.c.objc; path = NeconoteBLE.m; sourceTree = "<group>"; };
		450FDD3D1AAB3E7A00D3CE72 /* neconote-Bridging-Header.h */ = {isa = PBXFileReference; lastKnownFileType = sourcecode.c.h; path = "neconote-Bridging-Header.h"; sourceTree = "<group>"; };
		4771FDC6BA35E3CF152F6A3B /* libPods-neconote.a */ = {isa = PBXFileReference; explicitFileType = archive.ar; includeInIndex = 0; path = "libPods-neconote.a"; sourceTree = BUILT_PRODUCTS_DIR; };
		8C583E141AAAB7B4002ECA7D /* neconote.app */ = {isa = PBXFileReference; explicitFileType = wrapper.application; includeInIndex = 0; path = neconote.app; sourceTree = BUILT_PRODUCTS_DIR; };
		8C583E181AAAB7B4002ECA7D /* Info.plist */ = {isa = PBXFileReference; lastKnownFileType = text.plist.xml; path = Info.plist; sourceTree = "<group>"; };
		8C583E191AAAB7B4002ECA7D /* AppDelegate.swift */ = {isa = PBXFileReference; lastKnownFileType = sourcecode.swift; path = AppDelegate.swift; sourceTree = "<group>"; };
		8C583E1B1AAAB7B4002ECA7D /* ViewController.swift */ = {isa = PBXFileReference; lastKnownFileType = sourcecode.swift; path = ViewController.swift; sourceTree = "<group>"; };
		8C583E1E1AAAB7B4002ECA7D /* Base */ = {isa = PBXFileReference; lastKnownFileType = file.storyboard; name = Base; path = Base.lproj/Main.storyboard; sourceTree = "<group>"; };
		8C583E201AAAB7B4002ECA7D /* Images.xcassets */ = {isa = PBXFileReference; lastKnownFileType = folder.assetcatalog; path = Images.xcassets; sourceTree = "<group>"; };
		8C583E231AAAB7B4002ECA7D /* Base */ = {isa = PBXFileReference; lastKnownFileType = file.xib; name = Base; path = Base.lproj/LaunchScreen.xib; sourceTree = "<group>"; };
		8C583E291AAAB7B5002ECA7D /* neconoteTests.xctest */ = {isa = PBXFileReference; explicitFileType = wrapper.cfbundle; includeInIndex = 0; path = neconoteTests.xctest; sourceTree = BUILT_PRODUCTS_DIR; };
		8C583E2E1AAAB7B5002ECA7D /* Info.plist */ = {isa = PBXFileReference; lastKnownFileType = text.plist.xml; path = Info.plist; sourceTree = "<group>"; };
		8C583E2F1AAAB7B5002ECA7D /* neconoteTests.swift */ = {isa = PBXFileReference; lastKnownFileType = sourcecode.swift; path = neconoteTests.swift; sourceTree = "<group>"; };
		8C6F935A1AAB812500DE7B5A /* fl1_neco_sleep1.png */ = {isa = PBXFileReference; lastKnownFileType = image.png; path = fl1_neco_sleep1.png; sourceTree = "<group>"; };
		8C6F935B1AAB812500DE7B5A /* fl1_neco_sleep2.png */ = {isa = PBXFileReference; lastKnownFileType = image.png; path = fl1_neco_sleep2.png; sourceTree = "<group>"; };
		8C6F935C1AAB812500DE7B5A /* fl2_neco_sleep1.png */ = {isa = PBXFileReference; lastKnownFileType = image.png; path = fl2_neco_sleep1.png; sourceTree = "<group>"; };
		8C6F935D1AAB812500DE7B5A /* fl2_neco_sleep2.png */ = {isa = PBXFileReference; lastKnownFileType = image.png; path = fl2_neco_sleep2.png; sourceTree = "<group>"; };
		8C6F935E1AAB812500DE7B5A /* fl4_neco_sleep1.png */ = {isa = PBXFileReference; lastKnownFileType = image.png; path = fl4_neco_sleep1.png; sourceTree = "<group>"; };
		8C6F935F1AAB812500DE7B5A /* fl4_neco_sleep2.png */ = {isa = PBXFileReference; lastKnownFileType = image.png; path = fl4_neco_sleep2.png; sourceTree = "<group>"; };
		8C7F6BC91AAB4E6D002C88FC /* Pods-neconote.xcconfig */ = {isa = PBXFileReference; fileEncoding = 4; lastKnownFileType = text.xcconfig; name = "Pods-neconote.xcconfig"; path = "Pods/Pods-neconote.xcconfig"; sourceTree = "<group>"; };
		8C7F6BCB1AAB52FC002C88FC /* btn_light_off.png */ = {isa = PBXFileReference; lastKnownFileType = image.png; path = btn_light_off.png; sourceTree = "<group>"; };
		8C7F6BCC1AAB52FC002C88FC /* btn_light_on.png */ = {isa = PBXFileReference; lastKnownFileType = image.png; path = btn_light_on.png; sourceTree = "<group>"; };
		8C7F6BCD1AAB52FC002C88FC /* btn_rice_off.png */ = {isa = PBXFileReference; lastKnownFileType = image.png; path = btn_rice_off.png; sourceTree = "<group>"; };
		8C7F6BCE1AAB52FC002C88FC /* btn_rice_on.png */ = {isa = PBXFileReference; lastKnownFileType = image.png; path = btn_rice_on.png; sourceTree = "<group>"; };
		8C7F6BCF1AAB52FC002C88FC /* btn_te_fl1.png */ = {isa = PBXFileReference; lastKnownFileType = image.png; path = btn_te_fl1.png; sourceTree = "<group>"; };
		8C7F6BD01AAB52FC002C88FC /* btn_te_fl4.png */ = {isa = PBXFileReference; lastKnownFileType = image.png; path = btn_te_fl4.png; sourceTree = "<group>"; };
		8C7F6BD11AAB52FC002C88FC /* fl1_door_off.png */ = {isa = PBXFileReference; lastKnownFileType = image.png; path = fl1_door_off.png; sourceTree = "<group>"; };
		8C7F6BD21AAB52FC002C88FC /* fl1_door_on.png */ = {isa = PBXFileReference; lastKnownFileType = image.png; path = fl1_door_on.png; sourceTree = "<group>"; };
		8C7F6BD31AAB52FC002C88FC /* fl3_bath_off.png */ = {isa = PBXFileReference; lastKnownFileType = image.png; path = fl3_bath_off.png; sourceTree = "<group>"; };
		8C7F6BD41AAB52FC002C88FC /* fl3_bath_on.png */ = {isa = PBXFileReference; lastKnownFileType = image.png; path = fl3_bath_on.png; sourceTree = "<group>"; };
		8C7F6BD51AAB52FC002C88FC /* fl4_rice_off.png */ = {isa = PBXFileReference; lastKnownFileType = image.png; path = fl4_rice_off.png; sourceTree = "<group>"; };
		8C7F6BD61AAB52FC002C88FC /* fl4_rice_on.png */ = {isa = PBXFileReference; lastKnownFileType = image.png; path = fl4_rice_on.png; sourceTree = "<group>"; };
		8C7F6BD71AAB52FC002C88FC /* fl5_light_off.png */ = {isa = PBXFileReference; lastKnownFileType = image.png; path = fl5_light_off.png; sourceTree = "<group>"; };
		8C7F6BD81AAB52FC002C88FC /* fl5_light_on.png */ = {isa = PBXFileReference; lastKnownFileType = image.png; path = fl5_light_on.png; sourceTree = "<group>"; };
		8C7F6BE71AAB66EE002C88FC /* libPods-neconote.a */ = {isa = PBXFileReference; lastKnownFileType = archive.ar; name = "libPods-neconote.a"; path = "Pods/build/Debug-iphoneos/libPods-neconote.a"; sourceTree = "<group>"; };
		8CA937891AAABA7D00655488 /* FloorTableViewCell.swift */ = {isa = PBXFileReference; fileEncoding = 4; lastKnownFileType = sourcecode.swift; path = FloorTableViewCell.swift; sourceTree = "<group>"; };
		8CA9378A1AAABA7D00655488 /* FloorTableViewCell.xib */ = {isa = PBXFileReference; fileEncoding = 4; lastKnownFileType = file.xib; path = FloorTableViewCell.xib; sourceTree = "<group>"; };
		8CA9378D1AAABFBB00655488 /* CatView.swift */ = {isa = PBXFileReference; fileEncoding = 4; lastKnownFileType = sourcecode.swift; path = CatView.swift; sourceTree = "<group>"; };
		8CA9378F1AAAC19400655488 /* CatView.xib */ = {isa = PBXFileReference; fileEncoding = 4; lastKnownFileType = file.xib; path = CatView.xib; sourceTree = "<group>"; };
		8CA937921AAAC58E00655488 /* bg.png */ = {isa = PBXFileReference; lastKnownFileType = image.png; path = bg.png; sourceTree = "<group>"; };
		8CA937931AAAC58E00655488 /* fl1_bg.png */ = {isa = PBXFileReference; lastKnownFileType = image.png; path = fl1_bg.png; sourceTree = "<group>"; };
		8CA937941AAAC58E00655488 /* fl2_bg.png */ = {isa = PBXFileReference; lastKnownFileType = image.png; path = fl2_bg.png; sourceTree = "<group>"; };
		8CA937951AAAC58E00655488 /* fl3_bg.png */ = {isa = PBXFileReference; lastKnownFileType = image.png; path = fl3_bg.png; sourceTree = "<group>"; };
		8CA937961AAAC58E00655488 /* fl4_bg.png */ = {isa = PBXFileReference; lastKnownFileType = image.png; path = fl4_bg.png; sourceTree = "<group>"; };
		8CA937971AAAC58E00655488 /* fl5_bg.png */ = {isa = PBXFileReference; lastKnownFileType = image.png; path = fl5_bg.png; sourceTree = "<group>"; };
		8CA937981AAAC58E00655488 /* roof.png */ = {isa = PBXFileReference; lastKnownFileType = image.png; path = roof.png; sourceTree = "<group>"; };
		8CA937A31AAADAA200655488 /* SwitchBase.swift */ = {isa = PBXFileReference; fileEncoding = 4; lastKnownFileType = sourcecode.swift; path = SwitchBase.swift; sourceTree = "<group>"; };
		8CA937A51AAADAC400655488 /* SwitchBase.xib */ = {isa = PBXFileReference; fileEncoding = 4; lastKnownFileType = file.xib; path = SwitchBase.xib; sourceTree = "<group>"; };
		8CA937A71AAADC4900655488 /* extentions.swift */ = {isa = PBXFileReference; fileEncoding = 4; lastKnownFileType = sourcecode.swift; path = extentions.swift; sourceTree = "<group>"; };
		8CA937A91AAAE39600655488 /* btn_off.png */ = {isa = PBXFileReference; lastKnownFileType = image.png; path = btn_off.png; sourceTree = "<group>"; };
		8CA937AA1AAAE39600655488 /* btn_on.png */ = {isa = PBXFileReference; lastKnownFileType = image.png; path = btn_on.png; sourceTree = "<group>"; };
		8CA937AB1AAAE39600655488 /* btn_te_fl5.png */ = {isa = PBXFileReference; lastKnownFileType = image.png; path = btn_te_fl5.png; sourceTree = "<group>"; };
		8CA937AE1AAAE39600655488 /* fl5_neco_walk1.png */ = {isa = PBXFileReference; lastKnownFileType = image.png; path = fl5_neco_walk1.png; sourceTree = "<group>"; };
		8CA937AF1AAAE39600655488 /* fl5_neco_walk2.png */ = {isa = PBXFileReference; lastKnownFileType = image.png; path = fl5_neco_walk2.png; sourceTree = "<group>"; };
		8CA937B01AAAE39600655488 /* fl5_neco_walk3.png */ = {isa = PBXFileReference; lastKnownFileType = image.png; path = fl5_neco_walk3.png; sourceTree = "<group>"; };
		8CA937B11AAAE39600655488 /* fl5_neco_walk4.png */ = {isa = PBXFileReference; lastKnownFileType = image.png; path = fl5_neco_walk4.png; sourceTree = "<group>"; };
		8CA937BB1AAAF58B00655488 /* fl1_neco_sitdown1.png */ = {isa = PBXFileReference; lastKnownFileType = image.png; path = fl1_neco_sitdown1.png; sourceTree = "<group>"; };
		8CA937BC1AAAF58B00655488 /* fl1_neco_sitdown2.png */ = {isa = PBXFileReference; lastKnownFileType = image.png; path = fl1_neco_sitdown2.png; sourceTree = "<group>"; };
		8CA937BD1AAAF58B00655488 /* fl1_neco_walk1.png */ = {isa = PBXFileReference; lastKnownFileType = image.png; path = fl1_neco_walk1.png; sourceTree = "<group>"; };
		8CA937BE1AAAF58B00655488 /* fl1_neco_walk2.png */ = {isa = PBXFileReference; lastKnownFileType = image.png; path = fl1_neco_walk2.png; sourceTree = "<group>"; };
		8CA937BF1AAAF58B00655488 /* fl1_neco_walk3.png */ = {isa = PBXFileReference; lastKnownFileType = image.png; path = fl1_neco_walk3.png; sourceTree = "<group>"; };
		8CA937C01AAAF58B00655488 /* fl1_neco_walk4.png */ = {isa = PBXFileReference; lastKnownFileType = image.png; path = fl1_neco_walk4.png; sourceTree = "<group>"; };
		8CA937C11AAAF58B00655488 /* fl3_neco_sitdown1.png */ = {isa = PBXFileReference; lastKnownFileType = image.png; path = fl3_neco_sitdown1.png; sourceTree = "<group>"; };
		8CA937C21AAAF58B00655488 /* fl3_neco_sitdown2.png */ = {isa = PBXFileReference; lastKnownFileType = image.png; path = fl3_neco_sitdown2.png; sourceTree = "<group>"; };
		8CA937C51AAAF58B00655488 /* fl3_neco_walk1.png */ = {isa = PBXFileReference; lastKnownFileType = image.png; path = fl3_neco_walk1.png; sourceTree = "<group>"; };
		8CA937C61AAAF58B00655488 /* fl3_neco_walk2.png */ = {isa = PBXFileReference; lastKnownFileType = image.png; path = fl3_neco_walk2.png; sourceTree = "<group>"; };
		8CA937C71AAAF58B00655488 /* fl3_neco_walk3.png */ = {isa = PBXFileReference; lastKnownFileType = image.png; path = fl3_neco_walk3.png; sourceTree = "<group>"; };
		8CA937C81AAAF58B00655488 /* fl3_neco_walk4.png */ = {isa = PBXFileReference; lastKnownFileType = image.png; path = fl3_neco_walk4.png; sourceTree = "<group>"; };
		8CA937C91AAAF58B00655488 /* fl4_neco_sitdown1.png */ = {isa = PBXFileReference; lastKnownFileType = image.png; path = fl4_neco_sitdown1.png; sourceTree = "<group>"; };
		8CA937CA1AAAF58B00655488 /* fl4_neco_sitdown2.png */ = {isa = PBXFileReference; lastKnownFileType = image.png; path = fl4_neco_sitdown2.png; sourceTree = "<group>"; };
		8CA937CB1AAAF58B00655488 /* fl4_neco_walk1.png */ = {isa = PBXFileReference; lastKnownFileType = image.png; path = fl4_neco_walk1.png; sourceTree = "<group>"; };
		8CA937CC1AAAF58B00655488 /* fl4_neco_walk2.png */ = {isa = PBXFileReference; lastKnownFileType = image.png; path = fl4_neco_walk2.png; sourceTree = "<group>"; };
		8CA937CD1AAAF58B00655488 /* fl4_neco_walk3.png */ = {isa = PBXFileReference; lastKnownFileType = image.png; path = fl4_neco_walk3.png; sourceTree = "<group>"; };
		8CA937CE1AAAF58B00655488 /* fl4_neco_walk4.png */ = {isa = PBXFileReference; lastKnownFileType = image.png; path = fl4_neco_walk4.png; sourceTree = "<group>"; };
		8CA937CF1AAAF58B00655488 /* fl5_neco_sitdown1.png */ = {isa = PBXFileReference; lastKnownFileType = image.png; path = fl5_neco_sitdown1.png; sourceTree = "<group>"; };
		8CA937D01AAAF58B00655488 /* fl5_neco_sitdown2.png */ = {isa = PBXFileReference; lastKnownFileType = image.png; path = fl5_neco_sitdown2.png; sourceTree = "<group>"; };
		8CA937D11AAAF58B00655488 /* fl5_neco_sleep1.png */ = {isa = PBXFileReference; lastKnownFileType = image.png; path = fl5_neco_sleep1.png; sourceTree = "<group>"; };
		8CA937D21AAAF58B00655488 /* fl5_neco_sleep2.png */ = {isa = PBXFileReference; lastKnownFileType = image.png; path = fl5_neco_sleep2.png; sourceTree = "<group>"; };
		A8B52FF5F50D767F923D864E /* Pods-neconote.release.xcconfig */ = {isa = PBXFileReference; includeInIndex = 1; lastKnownFileType = text.xcconfig; name = "Pods-neconote.release.xcconfig"; path = "Pods/Target Support Files/Pods-neconote/Pods-neconote.release.xcconfig"; sourceTree = "<group>"; };
		B6BE2038C4D546DA9DE9EACD /* libPods.a */ = {isa = PBXFileReference; explicitFileType = archive.ar; includeInIndex = 0; path = libPods.a; sourceTree = BUILT_PRODUCTS_DIR; };
		FE265093B7F821369A938FDD /* Pods-neconote.debug.xcconfig */ = {isa = PBXFileReference; includeInIndex = 1; lastKnownFileType = text.xcconfig; name = "Pods-neconote.debug.xcconfig"; path = "Pods/Target Support Files/Pods-neconote/Pods-neconote.debug.xcconfig"; sourceTree = "<group>"; };
/* End PBXFileReference section */

/* Begin PBXFrameworksBuildPhase section */
		8C583E111AAAB7B4002ECA7D /* Frameworks */ = {
			isa = PBXFrameworksBuildPhase;
			buildActionMask = 2147483647;
			files = (
				8C7F6BE81AAB66EE002C88FC /* libPods-neconote.a in Frameworks */,
				450FDD001AAB3DD300D3CE72 /* CoreBluetooth.framework in Frameworks */,
				450FDCFE1AAB3DC800D3CE72 /* JavaScriptCore.framework in Frameworks */,
				450FDCFC1AAB3DBE00D3CE72 /* UIKit.framework in Frameworks */,
				450FDCFA1AAB3DB400D3CE72 /* Foundation.framework in Frameworks */,
				450FDCF81AAB3DA900D3CE72 /* CoreGraphics.framework in Frameworks */,
			);
			runOnlyForDeploymentPostprocessing = 0;
		};
		8C583E261AAAB7B5002ECA7D /* Frameworks */ = {
			isa = PBXFrameworksBuildPhase;
			buildActionMask = 2147483647;
			files = (
			);
			runOnlyForDeploymentPostprocessing = 0;
		};
/* End PBXFrameworksBuildPhase section */

/* Begin PBXGroup section */
		450FDD011AAB3E3400D3CE72 /* NeconoteSDK */ = {
			isa = PBXGroup;
			children = (
				450FDD021AAB3E3400D3CE72 /* Konashi */,
				450FDD2B1AAB3E3400D3CE72 /* NeconoteBLE.h */,
				450FDD2C1AAB3E3400D3CE72 /* NeconoteBLE.m */,
			);
			path = NeconoteSDK;
			sourceTree = "<group>";
		};
		450FDD021AAB3E3400D3CE72 /* Konashi */ = {
			isa = PBXGroup;
			children = (
				450FDD031AAB3E3400D3CE72 /* Category */,
				450FDD171AAB3E3400D3CE72 /* Constant */,
				450FDD191AAB3E3400D3CE72 /* Impl */,
				450FDD221AAB3E3400D3CE72 /* KNSHandlerManager.h */,
				450FDD231AAB3E3400D3CE72 /* KNSHandlerManager.m */,
				450FDD241AAB3E3400D3CE72 /* KNSPeripheral.h */,
				450FDD251AAB3E3400D3CE72 /* KNSPeripheral.m */,
				450FDD261AAB3E3400D3CE72 /* Konashi-Prefix.pch */,
				450FDD271AAB3E3400D3CE72 /* Konashi.h */,
				450FDD281AAB3E3400D3CE72 /* Konashi.m */,
				450FDD291AAB3E3400D3CE72 /* KonashiUtils.h */,
				450FDD2A1AAB3E3400D3CE72 /* KonashiUtils.m */,
			);
			path = Konashi;
			sourceTree = "<group>";
		};
		450FDD031AAB3E3400D3CE72 /* Category */ = {
			isa = PBXGroup;
			children = (
				450FDD041AAB3E3400D3CE72 /* CoreBluetooth */,
				450FDD0B1AAB3E3400D3CE72 /* Konashi */,
			);
			path = Category;
			sourceTree = "<group>";
		};
		450FDD041AAB3E3400D3CE72 /* CoreBluetooth */ = {
			isa = PBXGroup;
			children = (
				450FDD051AAB3E3400D3CE72 /* CBPeripheral+Konashi.h */,
				450FDD061AAB3E3400D3CE72 /* CBPeripheral+Konashi.m */,
				450FDD071AAB3E3400D3CE72 /* CBService+Konashi.h */,
				450FDD081AAB3E3400D3CE72 /* CBService+Konashi.m */,
				450FDD091AAB3E3400D3CE72 /* CBUUID+Konashi.h */,
				450FDD0A1AAB3E3400D3CE72 /* CBUUID+Konashi.m */,
			);
			path = CoreBluetooth;
			sourceTree = "<group>";
		};
		450FDD0B1AAB3E3400D3CE72 /* Konashi */ = {
			isa = PBXGroup;
			children = (
				450FDD0C1AAB3E3400D3CE72 /* Konashi+ACDrive.h */,
				450FDD0D1AAB3E3400D3CE72 /* Konashi+ACDrive.m */,
				450FDD0E1AAB3E3400D3CE72 /* Konashi+ADC.h */,
				450FDD0F1AAB3E3400D3CE72 /* Konashi+ADC.m */,
				450FDD101AAB3E3400D3CE72 /* Konashi+Grove.h */,
				450FDD111AAB3E3400D3CE72 /* Konashi+Grove.m */,
				450FDD121AAB3E3400D3CE72 /* Konashi+JavaScriptBindings.h */,
				450FDD131AAB3E3400D3CE72 /* Konashi+JavaScriptBindings.m */,
				450FDD141AAB3E3400D3CE72 /* Konashi+UI.h */,
				450FDD151AAB3E3400D3CE72 /* Konashi+UI.m */,
				450FDD161AAB3E3400D3CE72 /* KonashiJavaScriptBindingsProtocol.h */,
			);
			path = Konashi;
			sourceTree = "<group>";
		};
		450FDD171AAB3E3400D3CE72 /* Constant */ = {
			isa = PBXGroup;
			children = (
				450FDD181AAB3E3400D3CE72 /* KonashiConstant.h */,
			);
			path = Constant;
			sourceTree = "<group>";
		};
		450FDD191AAB3E3400D3CE72 /* Impl */ = {
			isa = PBXGroup;
			children = (
				450FDD1A1AAB3E3400D3CE72 /* KNSKonashiPeripheralImpl.h */,
				450FDD1B1AAB3E3400D3CE72 /* KNSKonashiPeripheralImpl.m */,
				450FDD1C1AAB3E3400D3CE72 /* KNSKoshianPeripheralImpl.h */,
				450FDD1D1AAB3E3400D3CE72 /* KNSKoshianPeripheralImpl.m */,
				450FDD1E1AAB3E3400D3CE72 /* KNSPeripheralBaseImpl.h */,
				450FDD1F1AAB3E3400D3CE72 /* KNSPeripheralBaseImpl.m */,
				450FDD201AAB3E3400D3CE72 /* KNSPeripheralImplProtocol.h */,
				450FDD211AAB3E3400D3CE72 /* KNSPeripheralImpls.h */,
			);
			path = Impl;
			sourceTree = "<group>";
		};
		5DDFCB1489B54F587DB95F96 /* Frameworks */ = {
			isa = PBXGroup;
			children = (
				8C7F6BE71AAB66EE002C88FC /* libPods-neconote.a */,
				450FDCFF1AAB3DD300D3CE72 /* CoreBluetooth.framework */,
				450FDCFD1AAB3DC800D3CE72 /* JavaScriptCore.framework */,
				450FDCFB1AAB3DBE00D3CE72 /* UIKit.framework */,
				450FDCF91AAB3DB400D3CE72 /* Foundation.framework */,
				450FDCF71AAB3DA900D3CE72 /* CoreGraphics.framework */,
				4771FDC6BA35E3CF152F6A3B /* libPods-neconote.a */,
				B6BE2038C4D546DA9DE9EACD /* libPods.a */,
			);
			name = Frameworks;
			sourceTree = "<group>";
		};
		8C583E0B1AAAB7B4002ECA7D = {
			isa = PBXGroup;
			children = (
				8C7F6BC91AAB4E6D002C88FC /* Pods-neconote.xcconfig */,
				8C583E161AAAB7B4002ECA7D /* neconote */,
				8C583E2C1AAAB7B5002ECA7D /* neconoteTests */,
				8C583E151AAAB7B4002ECA7D /* Products */,
				C30B88C11F81227F06D55780 /* Pods */,
				5DDFCB1489B54F587DB95F96 /* Frameworks */,
			);
			sourceTree = "<group>";
		};
		8C583E151AAAB7B4002ECA7D /* Products */ = {
			isa = PBXGroup;
			children = (
				8C583E141AAAB7B4002ECA7D /* neconote.app */,
				8C583E291AAAB7B5002ECA7D /* neconoteTests.xctest */,
			);
			name = Products;
			sourceTree = "<group>";
		};
		8C583E161AAAB7B4002ECA7D /* neconote */ = {
			isa = PBXGroup;
			children = (
				450FDD011AAB3E3400D3CE72 /* NeconoteSDK */,
				8CA937821AAABA1F00655488 /* Controller */,
				8CA937811AAABA1800655488 /* View */,
				8CA937801AAABA0A00655488 /* Model */,
				8C583E191AAAB7B4002ECA7D /* AppDelegate.swift */,
				8C583E1D1AAAB7B4002ECA7D /* Main.storyboard */,
				8C583E201AAAB7B4002ECA7D /* Images.xcassets */,
				8C583E221AAAB7B4002ECA7D /* LaunchScreen.xib */,
				8C583E171AAAB7B4002ECA7D /* Supporting Files */,
				8CA937A71AAADC4900655488 /* extentions.swift */,
				450FDD3D1AAB3E7A00D3CE72 /* neconote-Bridging-Header.h */,
			);
			path = neconote;
			sourceTree = "<group>";
		};
		8C583E171AAAB7B4002ECA7D /* Supporting Files */ = {
			isa = PBXGroup;
			children = (
				8CA937911AAAC58E00655488 /* parts */,
				8C583E181AAAB7B4002ECA7D /* Info.plist */,
			);
			name = "Supporting Files";
			sourceTree = "<group>";
		};
		8C583E2C1AAAB7B5002ECA7D /* neconoteTests */ = {
			isa = PBXGroup;
			children = (
				8C583E2F1AAAB7B5002ECA7D /* neconoteTests.swift */,
				8C583E2D1AAAB7B5002ECA7D /* Supporting Files */,
			);
			path = neconoteTests;
			sourceTree = "<group>";
		};
		8C583E2D1AAAB7B5002ECA7D /* Supporting Files */ = {
			isa = PBXGroup;
			children = (
				8C583E2E1AAAB7B5002ECA7D /* Info.plist */,
			);
			name = "Supporting Files";
			sourceTree = "<group>";
		};
		8CA937801AAABA0A00655488 /* Model */ = {
			isa = PBXGroup;
			children = (
			);
			name = Model;
			sourceTree = "<group>";
		};
		8CA937811AAABA1800655488 /* View */ = {
			isa = PBXGroup;
			children = (
				8CA937A21AAADA6900655488 /* Switch */,
				8CA937841AAABA3D00655488 /* cat */,
				8CA937831AAABA3100655488 /* house */,
			);
			name = View;
			sourceTree = "<group>";
		};
		8CA937821AAABA1F00655488 /* Controller */ = {
			isa = PBXGroup;
			children = (
				8C583E1B1AAAB7B4002ECA7D /* ViewController.swift */,
			);
			name = Controller;
			sourceTree = "<group>";
		};
		8CA937831AAABA3100655488 /* house */ = {
			isa = PBXGroup;
			children = (
				8CA937891AAABA7D00655488 /* FloorTableViewCell.swift */,
				8CA9378A1AAABA7D00655488 /* FloorTableViewCell.xib */,
			);
			name = house;
			sourceTree = "<group>";
		};
		8CA937841AAABA3D00655488 /* cat */ = {
			isa = PBXGroup;
			children = (
				8CA9378D1AAABFBB00655488 /* CatView.swift */,
				8CA9378F1AAAC19400655488 /* CatView.xib */,
			);
			name = cat;
			sourceTree = "<group>";
		};
		8CA937911AAAC58E00655488 /* parts */ = {
			isa = PBXGroup;
			children = (
				8C6F935A1AAB812500DE7B5A /* fl1_neco_sleep1.png */,
				8C6F935B1AAB812500DE7B5A /* fl1_neco_sleep2.png */,
				8C6F935C1AAB812500DE7B5A /* fl2_neco_sleep1.png */,
				8C6F935D1AAB812500DE7B5A /* fl2_neco_sleep2.png */,
				8C6F935E1AAB812500DE7B5A /* fl4_neco_sleep1.png */,
				8C6F935F1AAB812500DE7B5A /* fl4_neco_sleep2.png */,
				8C7F6BCB1AAB52FC002C88FC /* btn_light_off.png */,
				8C7F6BCC1AAB52FC002C88FC /* btn_light_on.png */,
				8C7F6BCD1AAB52FC002C88FC /* btn_rice_off.png */,
				8C7F6BCE1AAB52FC002C88FC /* btn_rice_on.png */,
				8C7F6BCF1AAB52FC002C88FC /* btn_te_fl1.png */,
				8C7F6BD01AAB52FC002C88FC /* btn_te_fl4.png */,
				8C7F6BD11AAB52FC002C88FC /* fl1_door_off.png */,
				8C7F6BD21AAB52FC002C88FC /* fl1_door_on.png */,
				8C7F6BD31AAB52FC002C88FC /* fl3_bath_off.png */,
				8C7F6BD41AAB52FC002C88FC /* fl3_bath_on.png */,
				8C7F6BD51AAB52FC002C88FC /* fl4_rice_off.png */,
				8C7F6BD61AAB52FC002C88FC /* fl4_rice_on.png */,
				8C7F6BD71AAB52FC002C88FC /* fl5_light_off.png */,
				8C7F6BD81AAB52FC002C88FC /* fl5_light_on.png */,
				8CA937BB1AAAF58B00655488 /* fl1_neco_sitdown1.png */,
				8CA937BC1AAAF58B00655488 /* fl1_neco_sitdown2.png */,
				8CA937BD1AAAF58B00655488 /* fl1_neco_walk1.png */,
				8CA937BE1AAAF58B00655488 /* fl1_neco_walk2.png */,
				8CA937BF1AAAF58B00655488 /* fl1_neco_walk3.png */,
				8CA937C01AAAF58B00655488 /* fl1_neco_walk4.png */,
				8CA937C11AAAF58B00655488 /* fl3_neco_sitdown1.png */,
				8CA937C21AAAF58B00655488 /* fl3_neco_sitdown2.png */,
				8CA937C51AAAF58B00655488 /* fl3_neco_walk1.png */,
				8CA937C61AAAF58B00655488 /* fl3_neco_walk2.png */,
				8CA937C71AAAF58B00655488 /* fl3_neco_walk3.png */,
				8CA937C81AAAF58B00655488 /* fl3_neco_walk4.png */,
				8CA937C91AAAF58B00655488 /* fl4_neco_sitdown1.png */,
				8CA937CA1AAAF58B00655488 /* fl4_neco_sitdown2.png */,
				8CA937CB1AAAF58B00655488 /* fl4_neco_walk1.png */,
				8CA937CC1AAAF58B00655488 /* fl4_neco_walk2.png */,
				8CA937CD1AAAF58B00655488 /* fl4_neco_walk3.png */,
				8CA937CE1AAAF58B00655488 /* fl4_neco_walk4.png */,
				8CA937CF1AAAF58B00655488 /* fl5_neco_sitdown1.png */,
				8CA937D01AAAF58B00655488 /* fl5_neco_sitdown2.png */,
				8CA937D11AAAF58B00655488 /* fl5_neco_sleep1.png */,
				8CA937D21AAAF58B00655488 /* fl5_neco_sleep2.png */,
				8CA937A91AAAE39600655488 /* btn_off.png */,
				8CA937AA1AAAE39600655488 /* btn_on.png */,
				8CA937AB1AAAE39600655488 /* btn_te_fl5.png */,
				8CA937AE1AAAE39600655488 /* fl5_neco_walk1.png */,
				8CA937AF1AAAE39600655488 /* fl5_neco_walk2.png */,
				8CA937B01AAAE39600655488 /* fl5_neco_walk3.png */,
				8CA937B11AAAE39600655488 /* fl5_neco_walk4.png */,
				8CA937921AAAC58E00655488 /* bg.png */,
				8CA937931AAAC58E00655488 /* fl1_bg.png */,
				8CA937941AAAC58E00655488 /* fl2_bg.png */,
				8CA937951AAAC58E00655488 /* fl3_bg.png */,
				8CA937961AAAC58E00655488 /* fl4_bg.png */,
				8CA937971AAAC58E00655488 /* fl5_bg.png */,
				8CA937981AAAC58E00655488 /* roof.png */,
			);
			path = parts;
			sourceTree = "<group>";
		};
		8CA937A21AAADA6900655488 /* Switch */ = {
			isa = PBXGroup;
			children = (
				8CA937A31AAADAA200655488 /* SwitchBase.swift */,
				8CA937A51AAADAC400655488 /* SwitchBase.xib */,
			);
			name = Switch;
			sourceTree = "<group>";
		};
		C30B88C11F81227F06D55780 /* Pods */ = {
			isa = PBXGroup;
			children = (
				FE265093B7F821369A938FDD /* Pods-neconote.debug.xcconfig */,
				A8B52FF5F50D767F923D864E /* Pods-neconote.release.xcconfig */,
			);
			name = Pods;
			sourceTree = "<group>";
		};
/* End PBXGroup section */

/* Begin PBXNativeTarget section */
		8C583E131AAAB7B4002ECA7D /* neconote */ = {
			isa = PBXNativeTarget;
			buildConfigurationList = 8C583E331AAAB7B5002ECA7D /* Build configuration list for PBXNativeTarget "neconote" */;
			buildPhases = (
				81756AEE409B8FB2C17C875C /* Check Pods Manifest.lock */,
				8C583E101AAAB7B4002ECA7D /* Sources */,
				8C583E111AAAB7B4002ECA7D /* Frameworks */,
				8C583E121AAAB7B4002ECA7D /* Resources */,
				9F938C130B82AF50F84047C1 /* Copy Pods Resources */,
			);
			buildRules = (
			);
			dependencies = (
			);
			name = neconote;
			productName = neconote;
			productReference = 8C583E141AAAB7B4002ECA7D /* neconote.app */;
			productType = "com.apple.product-type.application";
		};
		8C583E281AAAB7B5002ECA7D /* neconoteTests */ = {
			isa = PBXNativeTarget;
			buildConfigurationList = 8C583E361AAAB7B5002ECA7D /* Build configuration list for PBXNativeTarget "neconoteTests" */;
			buildPhases = (
				8C583E251AAAB7B5002ECA7D /* Sources */,
				8C583E261AAAB7B5002ECA7D /* Frameworks */,
				8C583E271AAAB7B5002ECA7D /* Resources */,
			);
			buildRules = (
			);
			dependencies = (
				8C583E2B1AAAB7B5002ECA7D /* PBXTargetDependency */,
			);
			name = neconoteTests;
			productName = neconoteTests;
			productReference = 8C583E291AAAB7B5002ECA7D /* neconoteTests.xctest */;
			productType = "com.apple.product-type.bundle.unit-test";
		};
/* End PBXNativeTarget section */

/* Begin PBXProject section */
		8C583E0C1AAAB7B4002ECA7D /* Project object */ = {
			isa = PBXProject;
			attributes = {
				LastUpgradeCheck = 0610;
				ORGANIZATIONNAME = "羽田 健太郎";
				TargetAttributes = {
					8C583E131AAAB7B4002ECA7D = {
						CreatedOnToolsVersion = 6.1.1;
					};
					8C583E281AAAB7B5002ECA7D = {
						CreatedOnToolsVersion = 6.1.1;
						TestTargetID = 8C583E131AAAB7B4002ECA7D;
					};
				};
			};
			buildConfigurationList = 8C583E0F1AAAB7B4002ECA7D /* Build configuration list for PBXProject "neconote" */;
			compatibilityVersion = "Xcode 3.2";
			developmentRegion = English;
			hasScannedForEncodings = 0;
			knownRegions = (
				en,
				Base,
			);
			mainGroup = 8C583E0B1AAAB7B4002ECA7D;
			productRefGroup = 8C583E151AAAB7B4002ECA7D /* Products */;
			projectDirPath = "";
			projectRoot = "";
			targets = (
				8C583E131AAAB7B4002ECA7D /* neconote */,
				8C583E281AAAB7B5002ECA7D /* neconoteTests */,
			);
		};
/* End PBXProject section */

/* Begin PBXResourcesBuildPhase section */
		8C583E121AAAB7B4002ECA7D /* Resources */ = {
			isa = PBXResourcesBuildPhase;
			buildActionMask = 2147483647;
			files = (
				8CA937E31AAAF58B00655488 /* fl4_neco_walk1.png in Resources */,
				8CA9378C1AAABA7D00655488 /* FloorTableViewCell.xib in Resources */,
				8CA937B91AAAE39600655488 /* fl5_neco_walk3.png in Resources */,
				8C7F6BDB1AAB52FC002C88FC /* btn_rice_off.png in Resources */,
				8CA937B41AAAE39600655488 /* btn_te_fl5.png in Resources */,
				8C7F6BE31AAB52FC002C88FC /* fl4_rice_off.png in Resources */,
				8CA937DF1AAAF58B00655488 /* fl3_neco_walk3.png in Resources */,
				8CA9379D1AAAC58E00655488 /* fl4_bg.png in Resources */,
				8CA9379B1AAAC58E00655488 /* fl2_bg.png in Resources */,
				8C7F6BD91AAB52FC002C88FC /* btn_light_off.png in Resources */,
				8C7F6BCA1AAB4E6D002C88FC /* Pods-neconote.xcconfig in Resources */,
				8C6F93631AAB812500DE7B5A /* fl2_neco_sleep2.png in Resources */,
				8C7F6BDA1AAB52FC002C88FC /* btn_light_on.png in Resources */,
				8CA937BA1AAAE39600655488 /* fl5_neco_walk4.png in Resources */,
				8C7F6BE51AAB52FC002C88FC /* fl5_light_off.png in Resources */,
				8CA937DA1AAAF58B00655488 /* fl3_neco_sitdown2.png in Resources */,
				8CA9379C1AAAC58E00655488 /* fl3_bg.png in Resources */,
				8C7F6BDE1AAB52FC002C88FC /* btn_te_fl4.png in Resources */,
				8CA937E91AAAF58B00655488 /* fl5_neco_sleep1.png in Resources */,
				8CA937D91AAAF58B00655488 /* fl3_neco_sitdown1.png in Resources */,
				8CA937E01AAAF58B00655488 /* fl3_neco_walk4.png in Resources */,
				8CA937B71AAAE39600655488 /* fl5_neco_walk1.png in Resources */,
				8C583E1F1AAAB7B4002ECA7D /* Main.storyboard in Resources */,
				8CA937E81AAAF58B00655488 /* fl5_neco_sitdown2.png in Resources */,
				8CA937D51AAAF58B00655488 /* fl1_neco_walk1.png in Resources */,
				8CA937E61AAAF58B00655488 /* fl4_neco_walk4.png in Resources */,
				8C6F93611AAB812500DE7B5A /* fl1_neco_sleep2.png in Resources */,
				8CA937DE1AAAF58B00655488 /* fl3_neco_walk2.png in Resources */,
				8C6F93651AAB812500DE7B5A /* fl4_neco_sleep2.png in Resources */,
				8C7F6BE01AAB52FC002C88FC /* fl1_door_on.png in Resources */,
				8CA937B21AAAE39600655488 /* btn_off.png in Resources */,
				8C7F6BE11AAB52FC002C88FC /* fl3_bath_off.png in Resources */,
				8C7F6BE41AAB52FC002C88FC /* fl4_rice_on.png in Resources */,
				8CA9379F1AAAC58E00655488 /* roof.png in Resources */,
				8CA937D81AAAF58B00655488 /* fl1_neco_walk4.png in Resources */,
				8C7F6BE21AAB52FC002C88FC /* fl3_bath_on.png in Resources */,
				8CA937D61AAAF58B00655488 /* fl1_neco_walk2.png in Resources */,
				8CA937991AAAC58E00655488 /* bg.png in Resources */,
				8CA937E11AAAF58B00655488 /* fl4_neco_sitdown1.png in Resources */,
				8CA9379A1AAAC58E00655488 /* fl1_bg.png in Resources */,
				8CA937D31AAAF58B00655488 /* fl1_neco_sitdown1.png in Resources */,
				8CA937D71AAAF58B00655488 /* fl1_neco_walk3.png in Resources */,
				8C583E241AAAB7B4002ECA7D /* LaunchScreen.xib in Resources */,
				8C7F6BDD1AAB52FC002C88FC /* btn_te_fl1.png in Resources */,
				8CA937E21AAAF58B00655488 /* fl4_neco_sitdown2.png in Resources */,
				8CA937A61AAADAC400655488 /* SwitchBase.xib in Resources */,
				8CA937D41AAAF58B00655488 /* fl1_neco_sitdown2.png in Resources */,
				8CA937DD1AAAF58B00655488 /* fl3_neco_walk1.png in Resources */,
				8C7F6BDC1AAB52FC002C88FC /* btn_rice_on.png in Resources */,
				8CA937901AAAC19400655488 /* CatView.xib in Resources */,
				8CA937E71AAAF58B00655488 /* fl5_neco_sitdown1.png in Resources */,
				8CA937E51AAAF58B00655488 /* fl4_neco_walk3.png in Resources */,
				8C7F6BE61AAB52FC002C88FC /* fl5_light_on.png in Resources */,
				8CA937B81AAAE39600655488 /* fl5_neco_walk2.png in Resources */,
				8CA937B31AAAE39600655488 /* btn_on.png in Resources */,
				8C583E211AAAB7B4002ECA7D /* Images.xcassets in Resources */,
				8C6F93641AAB812500DE7B5A /* fl4_neco_sleep1.png in Resources */,
				8CA9379E1AAAC58E00655488 /* fl5_bg.png in Resources */,
				8C6F93621AAB812500DE7B5A /* fl2_neco_sleep1.png in Resources */,
				8CA937E41AAAF58B00655488 /* fl4_neco_walk2.png in Resources */,
				8CA937EA1AAAF58B00655488 /* fl5_neco_sleep2.png in Resources */,
				8C6F93601AAB812500DE7B5A /* fl1_neco_sleep1.png in Resources */,
				8C7F6BDF1AAB52FC002C88FC /* fl1_door_off.png in Resources */,
			);
			runOnlyForDeploymentPostprocessing = 0;
		};
		8C583E271AAAB7B5002ECA7D /* Resources */ = {
			isa = PBXResourcesBuildPhase;
			buildActionMask = 2147483647;
			files = (
			);
			runOnlyForDeploymentPostprocessing = 0;
		};
/* End PBXResourcesBuildPhase section */

/* Begin PBXShellScriptBuildPhase section */
		81756AEE409B8FB2C17C875C /* Check Pods Manifest.lock */ = {
			isa = PBXShellScriptBuildPhase;
			buildActionMask = 2147483647;
			files = (
			);
			inputPaths = (
			);
			name = "Check Pods Manifest.lock";
			outputPaths = (
			);
			runOnlyForDeploymentPostprocessing = 0;
			shellPath = /bin/sh;
			shellScript = "diff \"${PODS_ROOT}/../Podfile.lock\" \"${PODS_ROOT}/Manifest.lock\" > /dev/null\nif [[ $? != 0 ]] ; then\n    cat << EOM\nerror: The sandbox is not in sync with the Podfile.lock. Run 'pod install' or update your CocoaPods installation.\nEOM\n    exit 1\nfi\n";
			showEnvVarsInLog = 0;
		};
		9F938C130B82AF50F84047C1 /* Copy Pods Resources */ = {
			isa = PBXShellScriptBuildPhase;
			buildActionMask = 2147483647;
			files = (
			);
			inputPaths = (
			);
			name = "Copy Pods Resources";
			outputPaths = (
			);
			runOnlyForDeploymentPostprocessing = 0;
			shellPath = /bin/sh;
			shellScript = "\"${SRCROOT}/Pods/Pods-neconote-resources.sh\"";
			showEnvVarsInLog = 0;
		};
/* End PBXShellScriptBuildPhase section */

/* Begin PBXSourcesBuildPhase section */
		8C583E101AAAB7B4002ECA7D /* Sources */ = {
			isa = PBXSourcesBuildPhase;
			buildActionMask = 2147483647;
			files = (
				8C583E1C1AAAB7B4002ECA7D /* ViewController.swift in Sources */,
				450FDD331AAB3E3400D3CE72 /* Konashi+JavaScriptBindings.m in Sources */,
				450FDD2D1AAB3E3400D3CE72 /* CBPeripheral+Konashi.m in Sources */,
				450FDD2F1AAB3E3400D3CE72 /* CBUUID+Konashi.m in Sources */,
				8CA937A41AAADAA200655488 /* SwitchBase.swift in Sources */,
				450FDD391AAB3E3400D3CE72 /* KNSPeripheral.m in Sources */,
				450FDD341AAB3E3400D3CE72 /* Konashi+UI.m in Sources */,
				8C583E1A1AAAB7B4002ECA7D /* AppDelegate.swift in Sources */,
				450FDD2E1AAB3E3400D3CE72 /* CBService+Konashi.m in Sources */,
				450FDD3A1AAB3E3400D3CE72 /* Konashi.m in Sources */,
				450FDD3C1AAB3E3400D3CE72 /* NeconoteBLE.m in Sources */,
				8CA9378B1AAABA7D00655488 /* FloorTableViewCell.swift in Sources */,
				450FDD381AAB3E3400D3CE72 /* KNSHandlerManager.m in Sources */,
				8CA9378E1AAABFBB00655488 /* CatView.swift in Sources */,
				450FDD3B1AAB3E3400D3CE72 /* KonashiUtils.m in Sources */,
				450FDD301AAB3E3400D3CE72 /* Konashi+ACDrive.m in Sources */,
				450FDD321AAB3E3400D3CE72 /* Konashi+Grove.m in Sources */,
				450FDD361AAB3E3400D3CE72 /* KNSKoshianPeripheralImpl.m in Sources */,
				450FDD311AAB3E3400D3CE72 /* Konashi+ADC.m in Sources */,
				450FDD351AAB3E3400D3CE72 /* KNSKonashiPeripheralImpl.m in Sources */,
				8CA937A81AAADC4900655488 /* extentions.swift in Sources */,
				450FDD371AAB3E3400D3CE72 /* KNSPeripheralBaseImpl.m in Sources */,
			);
			runOnlyForDeploymentPostprocessing = 0;
		};
		8C583E251AAAB7B5002ECA7D /* Sources */ = {
			isa = PBXSourcesBuildPhase;
			buildActionMask = 2147483647;
			files = (
				8C583E301AAAB7B5002ECA7D /* neconoteTests.swift in Sources */,
			);
			runOnlyForDeploymentPostprocessing = 0;
		};
/* End PBXSourcesBuildPhase section */

/* Begin PBXTargetDependency section */
		8C583E2B1AAAB7B5002ECA7D /* PBXTargetDependency */ = {
			isa = PBXTargetDependency;
			target = 8C583E131AAAB7B4002ECA7D /* neconote */;
			targetProxy = 8C583E2A1AAAB7B5002ECA7D /* PBXContainerItemProxy */;
		};
/* End PBXTargetDependency section */

/* Begin PBXVariantGroup section */
		8C583E1D1AAAB7B4002ECA7D /* Main.storyboard */ = {
			isa = PBXVariantGroup;
			children = (
				8C583E1E1AAAB7B4002ECA7D /* Base */,
			);
			name = Main.storyboard;
			sourceTree = "<group>";
		};
		8C583E221AAAB7B4002ECA7D /* LaunchScreen.xib */ = {
			isa = PBXVariantGroup;
			children = (
				8C583E231AAAB7B4002ECA7D /* Base */,
			);
			name = LaunchScreen.xib;
			sourceTree = "<group>";
		};
/* End PBXVariantGroup section */

/* Begin XCBuildConfiguration section */
		8C583E311AAAB7B5002ECA7D /* Debug */ = {
			isa = XCBuildConfiguration;
			buildSettings = {
				ALWAYS_SEARCH_USER_PATHS = NO;
				CLANG_CXX_LANGUAGE_STANDARD = "gnu++0x";
				CLANG_CXX_LIBRARY = "libc++";
				CLANG_ENABLE_MODULES = YES;
				CLANG_ENABLE_OBJC_ARC = YES;
				CLANG_WARN_BOOL_CONVERSION = YES;
				CLANG_WARN_CONSTANT_CONVERSION = YES;
				CLANG_WARN_DIRECT_OBJC_ISA_USAGE = YES_ERROR;
				CLANG_WARN_EMPTY_BODY = YES;
				CLANG_WARN_ENUM_CONVERSION = YES;
				CLANG_WARN_INT_CONVERSION = YES;
				CLANG_WARN_OBJC_ROOT_CLASS = YES_ERROR;
				CLANG_WARN_UNREACHABLE_CODE = YES;
				CLANG_WARN__DUPLICATE_METHOD_MATCH = YES;
				"CODE_SIGN_IDENTITY[sdk=iphoneos*]" = "iPhone Developer";
				COPY_PHASE_STRIP = NO;
				ENABLE_STRICT_OBJC_MSGSEND = YES;
				GCC_C_LANGUAGE_STANDARD = gnu99;
				GCC_DYNAMIC_NO_PIC = NO;
				GCC_OPTIMIZATION_LEVEL = 0;
				GCC_PREPROCESSOR_DEFINITIONS = (
					"DEBUG=1",
					"$(inherited)",
				);
				GCC_SYMBOLS_PRIVATE_EXTERN = NO;
				GCC_WARN_64_TO_32_BIT_CONVERSION = YES;
				GCC_WARN_ABOUT_RETURN_TYPE = YES_ERROR;
				GCC_WARN_UNDECLARED_SELECTOR = YES;
				GCC_WARN_UNINITIALIZED_AUTOS = YES_AGGRESSIVE;
				GCC_WARN_UNUSED_FUNCTION = YES;
				GCC_WARN_UNUSED_VARIABLE = YES;
				IPHONEOS_DEPLOYMENT_TARGET = 8.1;
				MTL_ENABLE_DEBUG_INFO = "";
				ONLY_ACTIVE_ARCH = YES;
				SDKROOT = iphoneos;
				SWIFT_OPTIMIZATION_LEVEL = "-Onone";
			};
			name = Debug;
		};
		8C583E321AAAB7B5002ECA7D /* Release */ = {
			isa = XCBuildConfiguration;
			buildSettings = {
				ALWAYS_SEARCH_USER_PATHS = NO;
				CLANG_CXX_LANGUAGE_STANDARD = "gnu++0x";
				CLANG_CXX_LIBRARY = "libc++";
				CLANG_ENABLE_MODULES = YES;
				CLANG_ENABLE_OBJC_ARC = YES;
				CLANG_WARN_BOOL_CONVERSION = YES;
				CLANG_WARN_CONSTANT_CONVERSION = YES;
				CLANG_WARN_DIRECT_OBJC_ISA_USAGE = YES_ERROR;
				CLANG_WARN_EMPTY_BODY = YES;
				CLANG_WARN_ENUM_CONVERSION = YES;
				CLANG_WARN_INT_CONVERSION = YES;
				CLANG_WARN_OBJC_ROOT_CLASS = YES_ERROR;
				CLANG_WARN_UNREACHABLE_CODE = YES;
				CLANG_WARN__DUPLICATE_METHOD_MATCH = YES;
				"CODE_SIGN_IDENTITY[sdk=iphoneos*]" = "iPhone Developer";
				COPY_PHASE_STRIP = YES;
				ENABLE_NS_ASSERTIONS = NO;
				ENABLE_STRICT_OBJC_MSGSEND = YES;
				GCC_C_LANGUAGE_STANDARD = gnu99;
				GCC_WARN_64_TO_32_BIT_CONVERSION = YES;
				GCC_WARN_ABOUT_RETURN_TYPE = YES_ERROR;
				GCC_WARN_UNDECLARED_SELECTOR = YES;
				GCC_WARN_UNINITIALIZED_AUTOS = YES_AGGRESSIVE;
				GCC_WARN_UNUSED_FUNCTION = YES;
				GCC_WARN_UNUSED_VARIABLE = YES;
				IPHONEOS_DEPLOYMENT_TARGET = 8.1;
				MTL_ENABLE_DEBUG_INFO = "";
				SDKROOT = iphoneos;
				VALIDATE_PRODUCT = YES;
			};
			name = Release;
		};
		8C583E341AAAB7B5002ECA7D /* Debug */ = {
			isa = XCBuildConfiguration;
			baseConfigurationReference = 8C7F6BC91AAB4E6D002C88FC /* Pods-neconote.xcconfig */;
			buildSettings = {
				ASSETCATALOG_COMPILER_APPICON_NAME = AppIcon;
				INFOPLIST_FILE = neconote/Info.plist;
				LD_RUNPATH_SEARCH_PATHS = "$(inherited) @executable_path/Frameworks";
				LIBRARY_SEARCH_PATHS = (
					"$(inherited)",
					"$(PROJECT_DIR)/Pods/build/Debug-iphoneos",
				);
				PRODUCT_NAME = "$(TARGET_NAME)";
				SWIFT_OBJC_BRIDGING_HEADER = "$(PRODUCT_NAME)/$(PRODUCT_NAME)-Bridging-Header.h";
			};
			name = Debug;
		};
		8C583E351AAAB7B5002ECA7D /* Release */ = {
			isa = XCBuildConfiguration;
			buildSettings = {
				ASSETCATALOG_COMPILER_APPICON_NAME = AppIcon;
				INFOPLIST_FILE = neconote/Info.plist;
				LD_RUNPATH_SEARCH_PATHS = "$(inherited) @executable_path/Frameworks";
				LIBRARY_SEARCH_PATHS = (
					"$(inherited)",
					"$(PROJECT_DIR)/Pods/build/Debug-iphoneos",
				);
				PRODUCT_NAME = "$(TARGET_NAME)";
				SWIFT_OBJC_BRIDGING_HEADER = "$(PRODUCT_NAME)/$(PRODUCT_NAME)-Bridging-Header.h";
			};
			name = Release;
		};
		8C583E371AAAB7B5002ECA7D /* Debug */ = {
			isa = XCBuildConfiguration;
			baseConfigurationReference = 8C7F6BC91AAB4E6D002C88FC /* Pods-neconote.xcconfig */;
			buildSettings = {
				BUNDLE_LOADER = "$(TEST_HOST)";
				FRAMEWORK_SEARCH_PATHS = (
					"$(SDKROOT)/Developer/Library/Frameworks",
					"$(inherited)",
				);
				GCC_PREPROCESSOR_DEFINITIONS = (
					"DEBUG=1",
					"$(inherited)",
				);
				INFOPLIST_FILE = neconoteTests/Info.plist;
				LD_RUNPATH_SEARCH_PATHS = "$(inherited) @executable_path/Frameworks @loader_path/Frameworks";
				PRODUCT_NAME = "$(TARGET_NAME)";
				TEST_HOST = "$(BUILT_PRODUCTS_DIR)/neconote.app/neconote";
			};
			name = Debug;
		};
		8C583E381AAAB7B5002ECA7D /* Release */ = {
			isa = XCBuildConfiguration;
			buildSettings = {
				BUNDLE_LOADER = "$(TEST_HOST)";
				FRAMEWORK_SEARCH_PATHS = (
					"$(SDKROOT)/Developer/Library/Frameworks",
					"$(inherited)",
				);
				INFOPLIST_FILE = neconoteTests/Info.plist;
				LD_RUNPATH_SEARCH_PATHS = "$(inherited) @executable_path/Frameworks @loader_path/Frameworks";
				PRODUCT_NAME = "$(TARGET_NAME)";
				TEST_HOST = "$(BUILT_PRODUCTS_DIR)/neconote.app/neconote";
			};
			name = Release;
		};
/* End XCBuildConfiguration section */

/* Begin XCConfigurationList section */
		8C583E0F1AAAB7B4002ECA7D /* Build configuration list for PBXProject "neconote" */ = {
			isa = XCConfigurationList;
			buildConfigurations = (
				8C583E311AAAB7B5002ECA7D /* Debug */,
				8C583E321AAAB7B5002ECA7D /* Release */,
			);
			defaultConfigurationIsVisible = 0;
			defaultConfigurationName = Release;
		};
		8C583E331AAAB7B5002ECA7D /* Build configuration list for PBXNativeTarget "neconote" */ = {
			isa = XCConfigurationList;
			buildConfigurations = (
				8C583E341AAAB7B5002ECA7D /* Debug */,
				8C583E351AAAB7B5002ECA7D /* Release */,
			);
			defaultConfigurationIsVisible = 0;
			defaultConfigurationName = Release;
		};
		8C583E361AAAB7B5002ECA7D /* Build configuration list for PBXNativeTarget "neconoteTests" */ = {
			isa = XCConfigurationList;
			buildConfigurations = (
				8C583E371AAAB7B5002ECA7D /* Debug */,
				8C583E381AAAB7B5002ECA7D /* Release */,
			);
			defaultConfigurationIsVisible = 0;
			defaultConfigurationName = Release;
		};
/* End XCConfigurationList section */
	};
	rootObject = 8C583E0C1AAAB7B4002ECA7D /* Project object */;
}
